# THIS IS AN AUTOGENERATED FILE. DO NOT EDIT THIS FILE DIRECTLY.
# yarn lockfile v1


"@aws-crypto/crc32@2.0.0":
  version "2.0.0"
  resolved "https://registry.yarnpkg.com/@aws-crypto/crc32/-/crc32-2.0.0.tgz#4ad432a3c03ec3087c5540ff6e41e6565d2dc153"
  integrity sha512-TvE1r2CUueyXOuHdEigYjIZVesInd9KN+K/TFFNfkkxRThiNxO6i4ZqqAVMoEjAamZZ1AA8WXJkjCz7YShHPQA==
  dependencies:
    "@aws-crypto/util" "^2.0.0"
    "@aws-sdk/types" "^3.1.0"
    tslib "^1.11.1"

"@aws-crypto/crc32c@2.0.0":
  version "2.0.0"
  resolved "https://registry.yarnpkg.com/@aws-crypto/crc32c/-/crc32c-2.0.0.tgz#4235336ef78f169f6a05248906703b9b78da676e"
  integrity sha512-vF0eMdMHx3O3MoOXUfBZry8Y4ZDtcuskjjKgJz8YfIDjLStxTZrYXk+kZqtl6A0uCmmiN/Eb/JbC/CndTV1MHg==
  dependencies:
    "@aws-crypto/util" "^2.0.0"
    "@aws-sdk/types" "^3.1.0"
    tslib "^1.11.1"

"@aws-crypto/ie11-detection@^2.0.0":
  version "2.0.2"
  resolved "https://registry.yarnpkg.com/@aws-crypto/ie11-detection/-/ie11-detection-2.0.2.tgz#9c39f4a5558196636031a933ec1b4792de959d6a"
  integrity sha512-5XDMQY98gMAf/WRTic5G++jfmS/VLM0rwpiOpaainKi4L0nqWMSB1SzsrEG5rjFZGYN6ZAefO+/Yta2dFM0kMw==
  dependencies:
    tslib "^1.11.1"

"@aws-crypto/sha1-browser@2.0.0":
  version "2.0.0"
  resolved "https://registry.yarnpkg.com/@aws-crypto/sha1-browser/-/sha1-browser-2.0.0.tgz#71e735df20ea1d38f59259c4b1a2e00ca74a0eea"
  integrity sha512-3fIVRjPFY8EG5HWXR+ZJZMdWNRpwbxGzJ9IH9q93FpbgCH8u8GHRi46mZXp3cYD7gealmyqpm3ThZwLKJjWJhA==
  dependencies:
    "@aws-crypto/ie11-detection" "^2.0.0"
    "@aws-crypto/supports-web-crypto" "^2.0.0"
    "@aws-sdk/types" "^3.1.0"
    "@aws-sdk/util-locate-window" "^3.0.0"
    "@aws-sdk/util-utf8-browser" "^3.0.0"
    tslib "^1.11.1"

"@aws-crypto/sha256-browser@2.0.0":
  version "2.0.0"
  resolved "https://registry.yarnpkg.com/@aws-crypto/sha256-browser/-/sha256-browser-2.0.0.tgz#741c9024df55ec59b51e5b1f5d806a4852699fb5"
  integrity sha512-rYXOQ8BFOaqMEHJrLHul/25ckWH6GTJtdLSajhlqGMx0PmSueAuvboCuZCTqEKlxR8CQOwRarxYMZZSYlhRA1A==
  dependencies:
    "@aws-crypto/ie11-detection" "^2.0.0"
    "@aws-crypto/sha256-js" "^2.0.0"
    "@aws-crypto/supports-web-crypto" "^2.0.0"
    "@aws-crypto/util" "^2.0.0"
    "@aws-sdk/types" "^3.1.0"
    "@aws-sdk/util-locate-window" "^3.0.0"
    "@aws-sdk/util-utf8-browser" "^3.0.0"
    tslib "^1.11.1"

"@aws-crypto/sha256-js@2.0.0":
  version "2.0.0"
  resolved "https://registry.yarnpkg.com/@aws-crypto/sha256-js/-/sha256-js-2.0.0.tgz#f1f936039bdebd0b9e2dd834d65afdc2aac4efcb"
  integrity sha512-VZY+mCY4Nmrs5WGfitmNqXzaE873fcIZDu54cbaDaaamsaTOP1DBImV9F4pICc3EHjQXujyE8jig+PFCaew9ig==
  dependencies:
    "@aws-crypto/util" "^2.0.0"
    "@aws-sdk/types" "^3.1.0"
    tslib "^1.11.1"

"@aws-crypto/sha256-js@^2.0.0":
  version "2.0.2"
  resolved "https://registry.yarnpkg.com/@aws-crypto/sha256-js/-/sha256-js-2.0.2.tgz#c81e5d378b8a74ff1671b58632779986e50f4c99"
  integrity sha512-iXLdKH19qPmIC73fVCrHWCSYjN/sxaAvZ3jNNyw6FclmHyjLKg0f69WlC9KTnyElxCR5MO9SKaG00VwlJwyAkQ==
  dependencies:
    "@aws-crypto/util" "^2.0.2"
    "@aws-sdk/types" "^3.110.0"
    tslib "^1.11.1"

"@aws-crypto/supports-web-crypto@^2.0.0":
  version "2.0.2"
  resolved "https://registry.yarnpkg.com/@aws-crypto/supports-web-crypto/-/supports-web-crypto-2.0.2.tgz#9f02aafad8789cac9c0ab5faaebb1ab8aa841338"
  integrity sha512-6mbSsLHwZ99CTOOswvCRP3C+VCWnzBf+1SnbWxzzJ9lR0mA0JnY2JEAhp8rqmTE0GPFy88rrM27ffgp62oErMQ==
  dependencies:
    tslib "^1.11.1"

"@aws-crypto/util@^2.0.0", "@aws-crypto/util@^2.0.2":
  version "2.0.2"
  resolved "https://registry.yarnpkg.com/@aws-crypto/util/-/util-2.0.2.tgz#adf5ff5dfbc7713082f897f1d01e551ce0edb9c0"
  integrity sha512-Lgu5v/0e/BcrZ5m/IWqzPUf3UYFTy/PpeED+uc9SWUR1iZQL8XXbGQg10UfllwwBryO3hFF5dizK+78aoXC1eA==
  dependencies:
    "@aws-sdk/types" "^3.110.0"
    "@aws-sdk/util-utf8-browser" "^3.0.0"
    tslib "^1.11.1"

"@aws-sdk/abort-controller@3.226.0":
  version "3.226.0"
  resolved "https://registry.yarnpkg.com/@aws-sdk/abort-controller/-/abort-controller-3.226.0.tgz#3adffb8ee5af57ddb154e8544a8eeec76ad32271"
  integrity sha512-cJVzr1xxPBd08voknXvR0RLgtZKGKt6WyDpH/BaPCu3rfSqWCDZKzwqe940eqosjmKrxC6pUZNKASIqHOQ8xxQ==
  dependencies:
    "@aws-sdk/types" "3.226.0"
    tslib "^2.3.1"

"@aws-sdk/chunked-blob-reader-native@3.208.0":
  version "3.208.0"
  resolved "https://registry.yarnpkg.com/@aws-sdk/chunked-blob-reader-native/-/chunked-blob-reader-native-3.208.0.tgz#cdbd12c89a4f3ddd91bf707da8bb4af311487cc5"
  integrity sha512-JeOZ95PW+fJ6bbuqPySYqLqHk1n4+4ueEEraJsiUrPBV0S1ZtyvOGHcnGztKUjr2PYNaiexmpWuvUve9K12HRA==
  dependencies:
    "@aws-sdk/util-base64" "3.208.0"
    tslib "^2.3.1"

"@aws-sdk/chunked-blob-reader@3.188.0":
  version "3.188.0"
  resolved "https://registry.yarnpkg.com/@aws-sdk/chunked-blob-reader/-/chunked-blob-reader-3.188.0.tgz#18181b27511ab512e56b9f2cef30d2abbef639dc"
  integrity sha512-zkPRFZZPL3eH+kH86LDYYXImiClA1/sW60zYOjse9Pgka+eDJlvBN6hcYxwDEKjcwATYiSRR1aVQHcfCinlGXg==
  dependencies:
    tslib "^2.3.1"

"@aws-sdk/client-s3@^3.245.0":
  version "3.252.0"
  resolved "https://registry.yarnpkg.com/@aws-sdk/client-s3/-/client-s3-3.252.0.tgz#281b61d17f1199c65a5f8004c187a08dd1b2af88"
  integrity sha512-VsTDuztgrwwBnkTZKm3t3cyXNTnWRCxDN4fCeEabw8/GB6KKSrs1a9pYXyWXuXtuvV5lFG4tIZMcXF7UkVXqyg==
  dependencies:
    "@aws-crypto/sha1-browser" "2.0.0"
    "@aws-crypto/sha256-browser" "2.0.0"
    "@aws-crypto/sha256-js" "2.0.0"
    "@aws-sdk/client-sts" "3.252.0"
    "@aws-sdk/config-resolver" "3.234.0"
    "@aws-sdk/credential-provider-node" "3.252.0"
    "@aws-sdk/eventstream-serde-browser" "3.226.0"
    "@aws-sdk/eventstream-serde-config-resolver" "3.226.0"
    "@aws-sdk/eventstream-serde-node" "3.226.0"
    "@aws-sdk/fetch-http-handler" "3.226.0"
    "@aws-sdk/hash-blob-browser" "3.226.0"
    "@aws-sdk/hash-node" "3.226.0"
    "@aws-sdk/hash-stream-node" "3.226.0"
    "@aws-sdk/invalid-dependency" "3.226.0"
    "@aws-sdk/md5-js" "3.226.0"
    "@aws-sdk/middleware-bucket-endpoint" "3.226.0"
    "@aws-sdk/middleware-content-length" "3.226.0"
    "@aws-sdk/middleware-endpoint" "3.226.0"
    "@aws-sdk/middleware-expect-continue" "3.226.0"
    "@aws-sdk/middleware-flexible-checksums" "3.226.0"
    "@aws-sdk/middleware-host-header" "3.226.0"
    "@aws-sdk/middleware-location-constraint" "3.226.0"
    "@aws-sdk/middleware-logger" "3.226.0"
    "@aws-sdk/middleware-recursion-detection" "3.226.0"
    "@aws-sdk/middleware-retry" "3.235.0"
    "@aws-sdk/middleware-sdk-s3" "3.231.0"
    "@aws-sdk/middleware-serde" "3.226.0"
    "@aws-sdk/middleware-signing" "3.226.0"
    "@aws-sdk/middleware-ssec" "3.226.0"
    "@aws-sdk/middleware-stack" "3.226.0"
    "@aws-sdk/middleware-user-agent" "3.226.0"
    "@aws-sdk/node-config-provider" "3.226.0"
    "@aws-sdk/node-http-handler" "3.226.0"
    "@aws-sdk/protocol-http" "3.226.0"
    "@aws-sdk/signature-v4-multi-region" "3.226.0"
    "@aws-sdk/smithy-client" "3.234.0"
    "@aws-sdk/types" "3.226.0"
    "@aws-sdk/url-parser" "3.226.0"
    "@aws-sdk/util-base64" "3.208.0"
    "@aws-sdk/util-body-length-browser" "3.188.0"
    "@aws-sdk/util-body-length-node" "3.208.0"
    "@aws-sdk/util-defaults-mode-browser" "3.234.0"
    "@aws-sdk/util-defaults-mode-node" "3.234.0"
    "@aws-sdk/util-endpoints" "3.245.0"
    "@aws-sdk/util-retry" "3.229.0"
    "@aws-sdk/util-stream-browser" "3.226.0"
    "@aws-sdk/util-stream-node" "3.226.0"
    "@aws-sdk/util-user-agent-browser" "3.226.0"
    "@aws-sdk/util-user-agent-node" "3.226.0"
    "@aws-sdk/util-utf8-browser" "3.188.0"
    "@aws-sdk/util-utf8-node" "3.208.0"
    "@aws-sdk/util-waiter" "3.226.0"
    "@aws-sdk/xml-builder" "3.201.0"
    fast-xml-parser "4.0.11"
    tslib "^2.3.1"

"@aws-sdk/client-sso-oidc@3.252.0":
  version "3.252.0"
  resolved "https://registry.yarnpkg.com/@aws-sdk/client-sso-oidc/-/client-sso-oidc-3.252.0.tgz#cad2676c707c183f53e28400a29bfa9cbdeff8c7"
  integrity sha512-OOwfEXFS+UliGZorEleARsXXUp3ObZSXo9/YY+8XF7/8froAqYjKCEi0tflghgYlh7d6qe7wzD7/6gDL1a/qgA==
  dependencies:
    "@aws-crypto/sha256-browser" "2.0.0"
    "@aws-crypto/sha256-js" "2.0.0"
    "@aws-sdk/config-resolver" "3.234.0"
    "@aws-sdk/fetch-http-handler" "3.226.0"
    "@aws-sdk/hash-node" "3.226.0"
    "@aws-sdk/invalid-dependency" "3.226.0"
    "@aws-sdk/middleware-content-length" "3.226.0"
    "@aws-sdk/middleware-endpoint" "3.226.0"
    "@aws-sdk/middleware-host-header" "3.226.0"
    "@aws-sdk/middleware-logger" "3.226.0"
    "@aws-sdk/middleware-recursion-detection" "3.226.0"
    "@aws-sdk/middleware-retry" "3.235.0"
    "@aws-sdk/middleware-serde" "3.226.0"
    "@aws-sdk/middleware-stack" "3.226.0"
    "@aws-sdk/middleware-user-agent" "3.226.0"
    "@aws-sdk/node-config-provider" "3.226.0"
    "@aws-sdk/node-http-handler" "3.226.0"
    "@aws-sdk/protocol-http" "3.226.0"
    "@aws-sdk/smithy-client" "3.234.0"
    "@aws-sdk/types" "3.226.0"
    "@aws-sdk/url-parser" "3.226.0"
    "@aws-sdk/util-base64" "3.208.0"
    "@aws-sdk/util-body-length-browser" "3.188.0"
    "@aws-sdk/util-body-length-node" "3.208.0"
    "@aws-sdk/util-defaults-mode-browser" "3.234.0"
    "@aws-sdk/util-defaults-mode-node" "3.234.0"
    "@aws-sdk/util-endpoints" "3.245.0"
    "@aws-sdk/util-retry" "3.229.0"
    "@aws-sdk/util-user-agent-browser" "3.226.0"
    "@aws-sdk/util-user-agent-node" "3.226.0"
    "@aws-sdk/util-utf8-browser" "3.188.0"
    "@aws-sdk/util-utf8-node" "3.208.0"
    tslib "^2.3.1"

"@aws-sdk/client-sso@3.252.0":
  version "3.252.0"
  resolved "https://registry.yarnpkg.com/@aws-sdk/client-sso/-/client-sso-3.252.0.tgz#4a37d5bf931ffe9f0d258b8d8d842c6d7eca6233"
  integrity sha512-VgBqJvvCU4y9zAHJwYj5nOeNGcCxKdCO4edUxWQVHcpLsVWu49maOVtWuteq9MOrHYeWfQi8bVWGt8MPvv9+bA==
  dependencies:
    "@aws-crypto/sha256-browser" "2.0.0"
    "@aws-crypto/sha256-js" "2.0.0"
    "@aws-sdk/config-resolver" "3.234.0"
    "@aws-sdk/fetch-http-handler" "3.226.0"
    "@aws-sdk/hash-node" "3.226.0"
    "@aws-sdk/invalid-dependency" "3.226.0"
    "@aws-sdk/middleware-content-length" "3.226.0"
    "@aws-sdk/middleware-endpoint" "3.226.0"
    "@aws-sdk/middleware-host-header" "3.226.0"
    "@aws-sdk/middleware-logger" "3.226.0"
    "@aws-sdk/middleware-recursion-detection" "3.226.0"
    "@aws-sdk/middleware-retry" "3.235.0"
    "@aws-sdk/middleware-serde" "3.226.0"
    "@aws-sdk/middleware-stack" "3.226.0"
    "@aws-sdk/middleware-user-agent" "3.226.0"
    "@aws-sdk/node-config-provider" "3.226.0"
    "@aws-sdk/node-http-handler" "3.226.0"
    "@aws-sdk/protocol-http" "3.226.0"
    "@aws-sdk/smithy-client" "3.234.0"
    "@aws-sdk/types" "3.226.0"
    "@aws-sdk/url-parser" "3.226.0"
    "@aws-sdk/util-base64" "3.208.0"
    "@aws-sdk/util-body-length-browser" "3.188.0"
    "@aws-sdk/util-body-length-node" "3.208.0"
    "@aws-sdk/util-defaults-mode-browser" "3.234.0"
    "@aws-sdk/util-defaults-mode-node" "3.234.0"
    "@aws-sdk/util-endpoints" "3.245.0"
    "@aws-sdk/util-retry" "3.229.0"
    "@aws-sdk/util-user-agent-browser" "3.226.0"
    "@aws-sdk/util-user-agent-node" "3.226.0"
    "@aws-sdk/util-utf8-browser" "3.188.0"
    "@aws-sdk/util-utf8-node" "3.208.0"
    tslib "^2.3.1"

"@aws-sdk/client-sts@3.252.0":
  version "3.252.0"
  resolved "https://registry.yarnpkg.com/@aws-sdk/client-sts/-/client-sts-3.252.0.tgz#735e71136f1e8d7dc954caa776c28154c41e53c0"
  integrity sha512-wzfsWOlDFLdmeML8R7DUJWGl9wcRKf2uiunfB1aWzpdlgms0Z7FkHWgkDYHjCPyYHL6EBm84ajGl1UkE7AcmqQ==
  dependencies:
    "@aws-crypto/sha256-browser" "2.0.0"
    "@aws-crypto/sha256-js" "2.0.0"
    "@aws-sdk/config-resolver" "3.234.0"
    "@aws-sdk/credential-provider-node" "3.252.0"
    "@aws-sdk/fetch-http-handler" "3.226.0"
    "@aws-sdk/hash-node" "3.226.0"
    "@aws-sdk/invalid-dependency" "3.226.0"
    "@aws-sdk/middleware-content-length" "3.226.0"
    "@aws-sdk/middleware-endpoint" "3.226.0"
    "@aws-sdk/middleware-host-header" "3.226.0"
    "@aws-sdk/middleware-logger" "3.226.0"
    "@aws-sdk/middleware-recursion-detection" "3.226.0"
    "@aws-sdk/middleware-retry" "3.235.0"
    "@aws-sdk/middleware-sdk-sts" "3.226.0"
    "@aws-sdk/middleware-serde" "3.226.0"
    "@aws-sdk/middleware-signing" "3.226.0"
    "@aws-sdk/middleware-stack" "3.226.0"
    "@aws-sdk/middleware-user-agent" "3.226.0"
    "@aws-sdk/node-config-provider" "3.226.0"
    "@aws-sdk/node-http-handler" "3.226.0"
    "@aws-sdk/protocol-http" "3.226.0"
    "@aws-sdk/smithy-client" "3.234.0"
    "@aws-sdk/types" "3.226.0"
    "@aws-sdk/url-parser" "3.226.0"
    "@aws-sdk/util-base64" "3.208.0"
    "@aws-sdk/util-body-length-browser" "3.188.0"
    "@aws-sdk/util-body-length-node" "3.208.0"
    "@aws-sdk/util-defaults-mode-browser" "3.234.0"
    "@aws-sdk/util-defaults-mode-node" "3.234.0"
    "@aws-sdk/util-endpoints" "3.245.0"
    "@aws-sdk/util-retry" "3.229.0"
    "@aws-sdk/util-user-agent-browser" "3.226.0"
    "@aws-sdk/util-user-agent-node" "3.226.0"
    "@aws-sdk/util-utf8-browser" "3.188.0"
    "@aws-sdk/util-utf8-node" "3.208.0"
    fast-xml-parser "4.0.11"
    tslib "^2.3.1"

"@aws-sdk/config-resolver@3.234.0":
  version "3.234.0"
  resolved "https://registry.yarnpkg.com/@aws-sdk/config-resolver/-/config-resolver-3.234.0.tgz#29d8936b713b7ee59b26b335d4f6715d644fc089"
  integrity sha512-uZxy4wzllfvgCQxVc+Iqhde0NGAnfmV2hWR6ejadJaAFTuYNvQiRg9IqJy3pkyDPqXySiJ8Bom5PoJfgn55J/A==
  dependencies:
    "@aws-sdk/signature-v4" "3.226.0"
    "@aws-sdk/types" "3.226.0"
    "@aws-sdk/util-config-provider" "3.208.0"
    "@aws-sdk/util-middleware" "3.226.0"
    tslib "^2.3.1"

"@aws-sdk/credential-provider-env@3.226.0":
  version "3.226.0"
  resolved "https://registry.yarnpkg.com/@aws-sdk/credential-provider-env/-/credential-provider-env-3.226.0.tgz#0bcb89a9abc166b3a48f5c255b9fcabc4cb80daf"
  integrity sha512-sd8uK1ojbXxaZXlthzw/VXZwCPUtU3PjObOfr3Evj7MPIM2IH8h29foOlggx939MdLQGboJf9gKvLlvKDWtJRA==
  dependencies:
    "@aws-sdk/property-provider" "3.226.0"
    "@aws-sdk/types" "3.226.0"
    tslib "^2.3.1"

"@aws-sdk/credential-provider-imds@3.226.0":
  version "3.226.0"
  resolved "https://registry.yarnpkg.com/@aws-sdk/credential-provider-imds/-/credential-provider-imds-3.226.0.tgz#0a4558449eb261412b0490ea1c3242eb91659759"
  integrity sha512-//z/COQm2AjYFI1Lb0wKHTQSrvLFTyuKLFQGPJsKS7DPoxGOCKB7hmYerlbl01IDoCxTdyL//TyyPxbZEOQD5Q==
  dependencies:
    "@aws-sdk/node-config-provider" "3.226.0"
    "@aws-sdk/property-provider" "3.226.0"
    "@aws-sdk/types" "3.226.0"
    "@aws-sdk/url-parser" "3.226.0"
    tslib "^2.3.1"

"@aws-sdk/credential-provider-ini@3.252.0":
  version "3.252.0"
  resolved "https://registry.yarnpkg.com/@aws-sdk/credential-provider-ini/-/credential-provider-ini-3.252.0.tgz#b05e8ab6612c036073b32f4bb406cd5e5f5ad2d1"
  integrity sha512-OfpU8xMYK7+6XQ2dUO4rN0gUhhb/ZLV7iwSL6Ji2pI9gglGhKdOSfmbn6fBfCB50kzWZRNoiQJVaBu/d0Kr0EQ==
  dependencies:
    "@aws-sdk/credential-provider-env" "3.226.0"
    "@aws-sdk/credential-provider-imds" "3.226.0"
    "@aws-sdk/credential-provider-process" "3.226.0"
    "@aws-sdk/credential-provider-sso" "3.252.0"
    "@aws-sdk/credential-provider-web-identity" "3.226.0"
    "@aws-sdk/property-provider" "3.226.0"
    "@aws-sdk/shared-ini-file-loader" "3.226.0"
    "@aws-sdk/types" "3.226.0"
    tslib "^2.3.1"

"@aws-sdk/credential-provider-node@3.252.0":
  version "3.252.0"
  resolved "https://registry.yarnpkg.com/@aws-sdk/credential-provider-node/-/credential-provider-node-3.252.0.tgz#1a67006d3409daf6d0615fc730ca3ac2e44d9d4c"
  integrity sha512-Jt854JnB7izkJ/gb3S0hBFqAQPUNUP3eL8gXX2uqk9A9bQFQdS57/Ci0FXaEPwOXzJwAAPazD8dTf6HXMhnm3w==
  dependencies:
    "@aws-sdk/credential-provider-env" "3.226.0"
    "@aws-sdk/credential-provider-imds" "3.226.0"
    "@aws-sdk/credential-provider-ini" "3.252.0"
    "@aws-sdk/credential-provider-process" "3.226.0"
    "@aws-sdk/credential-provider-sso" "3.252.0"
    "@aws-sdk/credential-provider-web-identity" "3.226.0"
    "@aws-sdk/property-provider" "3.226.0"
    "@aws-sdk/shared-ini-file-loader" "3.226.0"
    "@aws-sdk/types" "3.226.0"
    tslib "^2.3.1"

"@aws-sdk/credential-provider-process@3.226.0":
  version "3.226.0"
  resolved "https://registry.yarnpkg.com/@aws-sdk/credential-provider-process/-/credential-provider-process-3.226.0.tgz#bcd73a6d31d1b3181917d56e54aacbee242b077f"
  integrity sha512-iUDMdnrTvbvaCFhWwqyXrhvQ9+ojPqPqXhwZtY1X/Qaz+73S9gXBPJHZaZb2Ke0yKE1Ql3bJbKvmmxC/qLQMng==
  dependencies:
    "@aws-sdk/property-provider" "3.226.0"
    "@aws-sdk/shared-ini-file-loader" "3.226.0"
    "@aws-sdk/types" "3.226.0"
    tslib "^2.3.1"

"@aws-sdk/credential-provider-sso@3.252.0":
  version "3.252.0"
  resolved "https://registry.yarnpkg.com/@aws-sdk/credential-provider-sso/-/credential-provider-sso-3.252.0.tgz#0f71bcb8be0fc6606dcac79776f6fee36a872bb0"
  integrity sha512-2JGoojMOBjG9/DenctEszjdPechq0uDTpH5nx+z1xxIAugA5+HYG/ncNfpwhmUBCrnOxpRaQViTNqXddEPHlAg==
  dependencies:
    "@aws-sdk/client-sso" "3.252.0"
    "@aws-sdk/property-provider" "3.226.0"
    "@aws-sdk/shared-ini-file-loader" "3.226.0"
    "@aws-sdk/token-providers" "3.252.0"
    "@aws-sdk/types" "3.226.0"
    tslib "^2.3.1"

"@aws-sdk/credential-provider-web-identity@3.226.0":
  version "3.226.0"
  resolved "https://registry.yarnpkg.com/@aws-sdk/credential-provider-web-identity/-/credential-provider-web-identity-3.226.0.tgz#2b7d20f93a40e2243c7e3857f54b103d19a946fb"
  integrity sha512-CCpv847rLB0SFOHz2igvUMFAzeT2fD3YnY4C8jltuJoEkn0ITn1Hlgt13nTJ5BUuvyti2mvyXZHmNzhMIMrIlw==
  dependencies:
    "@aws-sdk/property-provider" "3.226.0"
    "@aws-sdk/types" "3.226.0"
    tslib "^2.3.1"

"@aws-sdk/eventstream-codec@3.226.0":
  version "3.226.0"
  resolved "https://registry.yarnpkg.com/@aws-sdk/eventstream-codec/-/eventstream-codec-3.226.0.tgz#1f54fb2c0bb321d2636d068ee1e969a8c07586ab"
  integrity sha512-6uPtR8vSwz3fqoZk9hrb6qBYdp3PJ22+JxV5Wimdesvow4kJXSgDQXIxEkxbv6SxB9tNRB4uJHD84RetHEi15Q==
  dependencies:
    "@aws-crypto/crc32" "2.0.0"
    "@aws-sdk/types" "3.226.0"
    "@aws-sdk/util-hex-encoding" "3.201.0"
    tslib "^2.3.1"

"@aws-sdk/eventstream-serde-browser@3.226.0":
  version "3.226.0"
  resolved "https://registry.yarnpkg.com/@aws-sdk/eventstream-serde-browser/-/eventstream-serde-browser-3.226.0.tgz#a1b880952b5d5b367fcff57be7c00682d01cef00"
  integrity sha512-otYC5aZE9eJUqAlKpy8w0rPDQ1eKGvZPtgxWXmFYSO2lDVGfI1nBBNmdZ4MdHqNuQ7ucsKMQYF8BFJ65K2tYPA==
  dependencies:
    "@aws-sdk/eventstream-serde-universal" "3.226.0"
    "@aws-sdk/types" "3.226.0"
    tslib "^2.3.1"

"@aws-sdk/eventstream-serde-config-resolver@3.226.0":
  version "3.226.0"
  resolved "https://registry.yarnpkg.com/@aws-sdk/eventstream-serde-config-resolver/-/eventstream-serde-config-resolver-3.226.0.tgz#07aa985fd8c7d417442bb48786a63bad63bb1a5a"
  integrity sha512-A56Gypg+lyEfA5cna+EUH9XTrj0SvRG1gwNW7lrUzviN36SeA/LFTUIOEjxVML3Lowy+EPAcrSZ67h6aepoAig==
  dependencies:
    "@aws-sdk/types" "3.226.0"
    tslib "^2.3.1"

"@aws-sdk/eventstream-serde-node@3.226.0":
  version "3.226.0"
  resolved "https://registry.yarnpkg.com/@aws-sdk/eventstream-serde-node/-/eventstream-serde-node-3.226.0.tgz#2f95e686ea51e452c1a3af4fa48242573e5ea3ad"
  integrity sha512-KWLnKkKDzI9RNkiK6OiSYpG/XjZfue6Bsp/vRG+H5z3fbXdHv4X2+iW+Efu2Kvn7jsUyUv82TCl57DyJ/HKYhQ==
  dependencies:
    "@aws-sdk/eventstream-serde-universal" "3.226.0"
    "@aws-sdk/types" "3.226.0"
    tslib "^2.3.1"

"@aws-sdk/eventstream-serde-universal@3.226.0":
  version "3.226.0"
  resolved "https://registry.yarnpkg.com/@aws-sdk/eventstream-serde-universal/-/eventstream-serde-universal-3.226.0.tgz#f071c41b9706f129efad42c083a9ab5e2f2fc583"
  integrity sha512-Q8viYM1Sv90/yIUqyWNeG1GEvyVlAI3GIrInQcCMC+xT59jS+IKGy2y7ojCvSWXnhf5/HMXKcmG092QsqeKy0Q==
  dependencies:
    "@aws-sdk/eventstream-codec" "3.226.0"
    "@aws-sdk/types" "3.226.0"
    tslib "^2.3.1"

"@aws-sdk/fetch-http-handler@3.226.0":
  version "3.226.0"
  resolved "https://registry.yarnpkg.com/@aws-sdk/fetch-http-handler/-/fetch-http-handler-3.226.0.tgz#350f78fc18fe9cb0a889ef4870838a8fcfa8855c"
  integrity sha512-JewZPMNEBXfi1xVnRa7pVtK/zgZD8/lQ/YnD8pq79WuMa2cwyhDtr8oqCoqsPW+WJT5ScXoMtuHxN78l8eKWgg==
  dependencies:
    "@aws-sdk/protocol-http" "3.226.0"
    "@aws-sdk/querystring-builder" "3.226.0"
    "@aws-sdk/types" "3.226.0"
    "@aws-sdk/util-base64" "3.208.0"
    tslib "^2.3.1"

"@aws-sdk/hash-blob-browser@3.226.0":
  version "3.226.0"
  resolved "https://registry.yarnpkg.com/@aws-sdk/hash-blob-browser/-/hash-blob-browser-3.226.0.tgz#00143ed30f9bd8b671327a94609db2403036654d"
  integrity sha512-5DCvWE6L4xGoViEHyjcPFuUe1G2EtNx8TqswWaoaKgyasP/yuRm4H99Ra7rqIrjCcSTAGD9NVsUQvVVw1bGt9w==
  dependencies:
    "@aws-sdk/chunked-blob-reader" "3.188.0"
    "@aws-sdk/chunked-blob-reader-native" "3.208.0"
    "@aws-sdk/types" "3.226.0"
    tslib "^2.3.1"

"@aws-sdk/hash-node@3.226.0":
  version "3.226.0"
  resolved "https://registry.yarnpkg.com/@aws-sdk/hash-node/-/hash-node-3.226.0.tgz#252d98bcbb1e13c8f26d9d416db03cf8cceac185"
  integrity sha512-MdlJhJ9/Espwd0+gUXdZRsHuostB2WxEVAszWxobP0FTT9PnicqnfK7ExmW+DUAc0ywxtEbR3e0UND65rlSTVw==
  dependencies:
    "@aws-sdk/types" "3.226.0"
    "@aws-sdk/util-buffer-from" "3.208.0"
    tslib "^2.3.1"

"@aws-sdk/hash-stream-node@3.226.0":
  version "3.226.0"
  resolved "https://registry.yarnpkg.com/@aws-sdk/hash-stream-node/-/hash-stream-node-3.226.0.tgz#cdf4c231fa1dd6006532afc370626702c80e4c91"
  integrity sha512-cgNTGlF8SdHaQXtjEmuLXz2U8SLM2JDKtIVPku/lHTMsUsEn+fuv2C+h1f/hvd4aNw5t1zggym7sO1/h/rv56Q==
  dependencies:
    "@aws-sdk/types" "3.226.0"
    tslib "^2.3.1"

"@aws-sdk/invalid-dependency@3.226.0":
  version "3.226.0"
  resolved "https://registry.yarnpkg.com/@aws-sdk/invalid-dependency/-/invalid-dependency-3.226.0.tgz#74586f60859ed1813985e3d642066cc46d2e9d40"
  integrity sha512-QXOYFmap8g9QzRjumcRCIo2GEZkdCwd7ePQW0OABWPhKHzlJ74vvBxywjU3s39EEBEluWXtZ7Iufg6GxZM4ifw==
  dependencies:
    "@aws-sdk/types" "3.226.0"
    tslib "^2.3.1"

"@aws-sdk/is-array-buffer@3.201.0":
  version "3.201.0"
  resolved "https://registry.yarnpkg.com/@aws-sdk/is-array-buffer/-/is-array-buffer-3.201.0.tgz#06e557adc284fac2f26071c2944ae01f61b95854"
  integrity sha512-UPez5qLh3dNgt0DYnPD/q0mVJY84rA17QE26hVNOW3fAji8W2wrwrxdacWOxyXvlxWsVRcKmr+lay1MDqpAMfg==
  dependencies:
    tslib "^2.3.1"

"@aws-sdk/md5-js@3.226.0":
  version "3.226.0"
  resolved "https://registry.yarnpkg.com/@aws-sdk/md5-js/-/md5-js-3.226.0.tgz#1400f9af49233e2cae7f90c3c93013b4ce3e39f6"
  integrity sha512-ENigJRNudqyh6xsch166SZ4gggHd3XzZJ8gkCU4CWPne04HcR3BkWSO774IuWooCHt8zkaEHKecPurRz6qR+Vw==
  dependencies:
    "@aws-sdk/types" "3.226.0"
    "@aws-sdk/util-utf8-browser" "3.188.0"
    "@aws-sdk/util-utf8-node" "3.208.0"
    tslib "^2.3.1"

"@aws-sdk/middleware-bucket-endpoint@3.226.0":
  version "3.226.0"
  resolved "https://registry.yarnpkg.com/@aws-sdk/middleware-bucket-endpoint/-/middleware-bucket-endpoint-3.226.0.tgz#830ec9fa591667b9e848b69504f79f86717e97e7"
  integrity sha512-A1Vq5W2X7jgTfjqcKPmjoHohF0poP+9fxwL97fQMvzcwmjhtoCV3bLEpo6CGYx0pKPiSlRJXZkRwRPj2hDHDmA==
  dependencies:
    "@aws-sdk/protocol-http" "3.226.0"
    "@aws-sdk/types" "3.226.0"
    "@aws-sdk/util-arn-parser" "3.208.0"
    "@aws-sdk/util-config-provider" "3.208.0"
    tslib "^2.3.1"

"@aws-sdk/middleware-content-length@3.226.0":
  version "3.226.0"
  resolved "https://registry.yarnpkg.com/@aws-sdk/middleware-content-length/-/middleware-content-length-3.226.0.tgz#6cc952049f6e3cdc3a3778c9dce9f2aee942b5fe"
  integrity sha512-ksUzlHJN2JMuyavjA46a4sctvnrnITqt2tbGGWWrAuXY1mel2j+VbgnmJUiwHKUO6bTFBBeft5Vd1TSOb4JmiA==
  dependencies:
    "@aws-sdk/protocol-http" "3.226.0"
    "@aws-sdk/types" "3.226.0"
    tslib "^2.3.1"

"@aws-sdk/middleware-endpoint@3.226.0":
  version "3.226.0"
  resolved "https://registry.yarnpkg.com/@aws-sdk/middleware-endpoint/-/middleware-endpoint-3.226.0.tgz#d776480be4b5a9534c2805b7425be05497f840b7"
  integrity sha512-EvLFafjtUxTT0AC9p3aBQu1/fjhWdIeK58jIXaNFONfZ3F8QbEYUPuF/SqZvJM6cWfOO9qwYKkRDbCSTYhprIg==
  dependencies:
    "@aws-sdk/middleware-serde" "3.226.0"
    "@aws-sdk/protocol-http" "3.226.0"
    "@aws-sdk/signature-v4" "3.226.0"
    "@aws-sdk/types" "3.226.0"
    "@aws-sdk/url-parser" "3.226.0"
    "@aws-sdk/util-config-provider" "3.208.0"
    "@aws-sdk/util-middleware" "3.226.0"
    tslib "^2.3.1"

"@aws-sdk/middleware-expect-continue@3.226.0":
  version "3.226.0"
  resolved "https://registry.yarnpkg.com/@aws-sdk/middleware-expect-continue/-/middleware-expect-continue-3.226.0.tgz#46a5b720ff896ce706ee4c01b0edcdb37bd8eaf4"
  integrity sha512-YxvQKTV/eA9P8AgW0hXOgj5Qa+TSnNFfyOkfeP089aP3f6p92b1cESf33TEOKsddive2mHT5LRCN6MuPcgWWrA==
  dependencies:
    "@aws-sdk/protocol-http" "3.226.0"
    "@aws-sdk/types" "3.226.0"
    tslib "^2.3.1"

"@aws-sdk/middleware-flexible-checksums@3.226.0":
  version "3.226.0"
  resolved "https://registry.yarnpkg.com/@aws-sdk/middleware-flexible-checksums/-/middleware-flexible-checksums-3.226.0.tgz#01e2d983ffe855fb8c2b78d43cf81de26db32996"
  integrity sha512-8A9Ot9A7794UP5tMGl2MnfTW/UM/jYy1wRWF9YkR/hPIcPb7OmE0hmlwIQGzb/7grxpYw66ETKf0WeH/41YfeQ==
  dependencies:
    "@aws-crypto/crc32" "2.0.0"
    "@aws-crypto/crc32c" "2.0.0"
    "@aws-sdk/is-array-buffer" "3.201.0"
    "@aws-sdk/protocol-http" "3.226.0"
    "@aws-sdk/types" "3.226.0"
    tslib "^2.3.1"

"@aws-sdk/middleware-host-header@3.226.0":
  version "3.226.0"
  resolved "https://registry.yarnpkg.com/@aws-sdk/middleware-host-header/-/middleware-host-header-3.226.0.tgz#1e1ecb034929e0dbc532ae501fd93781438f9a24"
  integrity sha512-haVkWVh6BUPwKgWwkL6sDvTkcZWvJjv8AgC8jiQuSl8GLZdzHTB8Qhi3IsfFta9HAuoLjxheWBE5Z/L0UrfhLA==
  dependencies:
    "@aws-sdk/protocol-http" "3.226.0"
    "@aws-sdk/types" "3.226.0"
    tslib "^2.3.1"

"@aws-sdk/middleware-location-constraint@3.226.0":
  version "3.226.0"
  resolved "https://registry.yarnpkg.com/@aws-sdk/middleware-location-constraint/-/middleware-location-constraint-3.226.0.tgz#c6c24047953294015342d704d787be8e05df49d3"
  integrity sha512-qHiYaBYPc2R37KxG2uqsUUwh4usrQMHfGkrpTUnx5d4rGzM3mC+muPsTpSHnAL63K2/yJOHQJFjss3GGwV4SSA==
  dependencies:
    "@aws-sdk/types" "3.226.0"
    tslib "^2.3.1"

"@aws-sdk/middleware-logger@3.226.0":
  version "3.226.0"
  resolved "https://registry.yarnpkg.com/@aws-sdk/middleware-logger/-/middleware-logger-3.226.0.tgz#37fd0e62f555befd526b03748c3aab60dcefecf3"
  integrity sha512-m9gtLrrYnpN6yckcQ09rV7ExWOLMuq8mMPF/K3DbL/YL0TuILu9i2T1W+JuxSX+K9FMG2HrLAKivE/kMLr55xA==
  dependencies:
    "@aws-sdk/types" "3.226.0"
    tslib "^2.3.1"

"@aws-sdk/middleware-recursion-detection@3.226.0":
  version "3.226.0"
  resolved "https://registry.yarnpkg.com/@aws-sdk/middleware-recursion-detection/-/middleware-recursion-detection-3.226.0.tgz#e149b9138e94d2fa70e7752ba6b1ccb537009706"
  integrity sha512-mwRbdKEUeuNH5TEkyZ5FWxp6bL2UC1WbY+LDv6YjHxmSMKpAoOueEdtU34PqDOLrpXXxIGHDFmjeGeMfktyEcA==
  dependencies:
    "@aws-sdk/protocol-http" "3.226.0"
    "@aws-sdk/types" "3.226.0"
    tslib "^2.3.1"

"@aws-sdk/middleware-retry@3.235.0":
  version "3.235.0"
  resolved "https://registry.yarnpkg.com/@aws-sdk/middleware-retry/-/middleware-retry-3.235.0.tgz#c0d938db85a771812204ed5e981eaf5eef6b580b"
  integrity sha512-50WHbJGpD3SNp9763MAlHqIhXil++JdQbKejNpHg7HsJne/ao3ub+fDOfx//mMBjpzBV25BGd5UlfL6blrClSg==
  dependencies:
    "@aws-sdk/protocol-http" "3.226.0"
    "@aws-sdk/service-error-classification" "3.229.0"
    "@aws-sdk/types" "3.226.0"
    "@aws-sdk/util-middleware" "3.226.0"
    "@aws-sdk/util-retry" "3.229.0"
    tslib "^2.3.1"
    uuid "^8.3.2"

"@aws-sdk/middleware-sdk-s3@3.231.0":
  version "3.231.0"
  resolved "https://registry.yarnpkg.com/@aws-sdk/middleware-sdk-s3/-/middleware-sdk-s3-3.231.0.tgz#98a6f0ce1611b0dbdc96e6aaaa8979fa5d9b0644"
  integrity sha512-UGaSvevd2TanfKgStF46dDSHkh4bxOr1gdUkyHm9i+1pF5lx4KdbnBZv/5SKnn7XifhHRXrs1M3lTzemXREhTA==
  dependencies:
    "@aws-sdk/protocol-http" "3.226.0"
    "@aws-sdk/types" "3.226.0"
    "@aws-sdk/util-arn-parser" "3.208.0"
    tslib "^2.3.1"

"@aws-sdk/middleware-sdk-sts@3.226.0":
  version "3.226.0"
  resolved "https://registry.yarnpkg.com/@aws-sdk/middleware-sdk-sts/-/middleware-sdk-sts-3.226.0.tgz#e8a8cf42bba8963259546120cde1e408628863f9"
  integrity sha512-NN9T/qoSD1kZvAT+VLny3NnlqgylYQcsgV3rvi/8lYzw/G/2s8VS6sm/VTWGGZhx08wZRv20MWzYu3bftcyqUg==
  dependencies:
    "@aws-sdk/middleware-signing" "3.226.0"
    "@aws-sdk/property-provider" "3.226.0"
    "@aws-sdk/protocol-http" "3.226.0"
    "@aws-sdk/signature-v4" "3.226.0"
    "@aws-sdk/types" "3.226.0"
    tslib "^2.3.1"

"@aws-sdk/middleware-serde@3.226.0":
  version "3.226.0"
  resolved "https://registry.yarnpkg.com/@aws-sdk/middleware-serde/-/middleware-serde-3.226.0.tgz#c837ef33b34bec2af19a1c177a0c02a1ae20da5e"
  integrity sha512-nPuOOAkSfx9TxzdKFx0X2bDlinOxGrqD7iof926K/AEflxGD1DBdcaDdjlYlPDW2CVE8LV/rAgbYuLxh/E/1VA==
  dependencies:
    "@aws-sdk/types" "3.226.0"
    tslib "^2.3.1"

"@aws-sdk/middleware-signing@3.226.0":
  version "3.226.0"
  resolved "https://registry.yarnpkg.com/@aws-sdk/middleware-signing/-/middleware-signing-3.226.0.tgz#ebb1d142ac2767466f2e464bb7dba9837143b4d1"
  integrity sha512-E6HmtPcl+IjYDDzi1xI2HpCbBq2avNWcjvCriMZWuTAtRVpnA6XDDGW5GY85IfS3A8G8vuWqEVPr8JcYUcjfew==
  dependencies:
    "@aws-sdk/property-provider" "3.226.0"
    "@aws-sdk/protocol-http" "3.226.0"
    "@aws-sdk/signature-v4" "3.226.0"
    "@aws-sdk/types" "3.226.0"
    "@aws-sdk/util-middleware" "3.226.0"
    tslib "^2.3.1"

"@aws-sdk/middleware-ssec@3.226.0":
  version "3.226.0"
  resolved "https://registry.yarnpkg.com/@aws-sdk/middleware-ssec/-/middleware-ssec-3.226.0.tgz#4f160aa6822e2af1b1b8a755ff0710aefb66abfb"
  integrity sha512-DR97oWoLHiMdaUP/wu99HtzG7/ijvCrjZGDH37WBO1rxFtEti6L7T09wgHzwxMN8gtL8FJA7dU8IrffGSC9VmA==
  dependencies:
    "@aws-sdk/types" "3.226.0"
    tslib "^2.3.1"

"@aws-sdk/middleware-stack@3.226.0":
  version "3.226.0"
  resolved "https://registry.yarnpkg.com/@aws-sdk/middleware-stack/-/middleware-stack-3.226.0.tgz#b0408370270188103987c457c758f9cf7651754f"
  integrity sha512-85wF29LvPvpoed60fZGDYLwv1Zpd/cM0C22WSSFPw1SSJeqO4gtFYyCg2squfT3KI6kF43IIkOCJ+L7GtryPug==
  dependencies:
    tslib "^2.3.1"

"@aws-sdk/middleware-user-agent@3.226.0":
  version "3.226.0"
  resolved "https://registry.yarnpkg.com/@aws-sdk/middleware-user-agent/-/middleware-user-agent-3.226.0.tgz#26653189f3e8da86514f77688a80d0ad445c0799"
  integrity sha512-N1WnfzCW1Y5yWhVAphf8OPGTe8Df3vmV7/LdsoQfmpkCZgLZeK2o0xITkUQhRj1mbw7yp8tVFLFV3R2lMurdAQ==
  dependencies:
    "@aws-sdk/protocol-http" "3.226.0"
    "@aws-sdk/types" "3.226.0"
    tslib "^2.3.1"

"@aws-sdk/node-config-provider@3.226.0":
  version "3.226.0"
  resolved "https://registry.yarnpkg.com/@aws-sdk/node-config-provider/-/node-config-provider-3.226.0.tgz#a9e21512ef824142bb928a0b2f85b39a75b8964d"
  integrity sha512-B8lQDqiRk7X5izFEUMXmi8CZLOKCTWQJU9HQf3ako+sF0gexo4nHN3jhoRWyLtcgC5S3on/2jxpAcqtm7kuY3w==
  dependencies:
    "@aws-sdk/property-provider" "3.226.0"
    "@aws-sdk/shared-ini-file-loader" "3.226.0"
    "@aws-sdk/types" "3.226.0"
    tslib "^2.3.1"

"@aws-sdk/node-http-handler@3.226.0":
  version "3.226.0"
  resolved "https://registry.yarnpkg.com/@aws-sdk/node-http-handler/-/node-http-handler-3.226.0.tgz#373886e949d214a99a3521bd6c141fa17b0e89fe"
  integrity sha512-xQCddnZNMiPmjr3W7HYM+f5ir4VfxgJh37eqZwX6EZmyItFpNNeVzKUgA920ka1VPz/ZUYB+2OFGiX3LCLkkaA==
  dependencies:
    "@aws-sdk/abort-controller" "3.226.0"
    "@aws-sdk/protocol-http" "3.226.0"
    "@aws-sdk/querystring-builder" "3.226.0"
    "@aws-sdk/types" "3.226.0"
    tslib "^2.3.1"

"@aws-sdk/property-provider@3.226.0":
  version "3.226.0"
  resolved "https://registry.yarnpkg.com/@aws-sdk/property-provider/-/property-provider-3.226.0.tgz#ef0ff37c319dc37a52f08fa7544f861308a3bbd8"
  integrity sha512-TsljjG+Sg0LmdgfiAlWohluWKnxB/k8xenjeozZfzOr5bHmNHtdbWv6BtNvD/R83hw7SFXxbJHlD5H4u9p2NFg==
  dependencies:
    "@aws-sdk/types" "3.226.0"
    tslib "^2.3.1"

"@aws-sdk/protocol-http@3.226.0":
  version "3.226.0"
  resolved "https://registry.yarnpkg.com/@aws-sdk/protocol-http/-/protocol-http-3.226.0.tgz#0af7bdc331508e556b722aad0cb78eefa93466e3"
  integrity sha512-zWkVqiTA9RXL6y0hhfZc9bcU4DX2NI6Hw9IhQmSPeM59mdbPjJlY4bLlMr5YxywqO3yQ/ylNoAfrEzrDjlOSRg==
  dependencies:
    "@aws-sdk/types" "3.226.0"
    tslib "^2.3.1"

"@aws-sdk/querystring-builder@3.226.0":
  version "3.226.0"
  resolved "https://registry.yarnpkg.com/@aws-sdk/querystring-builder/-/querystring-builder-3.226.0.tgz#11cd751abeac66f1f9349225454bac3e39808926"
  integrity sha512-LVurypuNeotO4lmirKXRC4NYrZRAyMJXuwO0f2a5ZAUJCjauwYrifKue6yCfU7bls7gut7nfcR6B99WBYpHs3g==
  dependencies:
    "@aws-sdk/types" "3.226.0"
    "@aws-sdk/util-uri-escape" "3.201.0"
    tslib "^2.3.1"

"@aws-sdk/querystring-parser@3.226.0":
  version "3.226.0"
  resolved "https://registry.yarnpkg.com/@aws-sdk/querystring-parser/-/querystring-parser-3.226.0.tgz#ba6a26727c98d46c95180e6cdc463039c5e4740d"
  integrity sha512-FzB+VrQ47KAFxiPt2YXrKZ8AOLZQqGTLCKHzx4bjxGmwgsjV8yIbtJiJhZLMcUQV4LtGeIY9ixIqQhGvnZHE4A==
  dependencies:
    "@aws-sdk/types" "3.226.0"
    tslib "^2.3.1"

"@aws-sdk/service-error-classification@3.229.0":
  version "3.229.0"
  resolved "https://registry.yarnpkg.com/@aws-sdk/service-error-classification/-/service-error-classification-3.229.0.tgz#768f1eb92775ca2cc99c6451a2303a0008a28fc1"
  integrity sha512-dnzWWQ0/NoWMUZ5C0DW3dPm0wC1O76Y/SpKbuJzWPkx1EYy6r8p32Ly4D9vUzrKDbRGf48YHIF2kOkBmu21CLg==

"@aws-sdk/shared-ini-file-loader@3.226.0":
  version "3.226.0"
  resolved "https://registry.yarnpkg.com/@aws-sdk/shared-ini-file-loader/-/shared-ini-file-loader-3.226.0.tgz#d0ade86834b1803ce4b9dcab459e57e0376fd6cf"
  integrity sha512-661VQefsARxVyyV2FX9V61V+nNgImk7aN2hYlFKla6BCwZfMng+dEtD0xVGyg1PfRw0qvEv5LQyxMVgHcUSevA==
  dependencies:
    "@aws-sdk/types" "3.226.0"
    tslib "^2.3.1"

"@aws-sdk/signature-v4-multi-region@3.226.0":
  version "3.226.0"
  resolved "https://registry.yarnpkg.com/@aws-sdk/signature-v4-multi-region/-/signature-v4-multi-region-3.226.0.tgz#7f97056e66dde3ca07c72176994c12daaa517f94"
  integrity sha512-QHxNuf9ynK208v7Y3imdsa3Cz8ynYV7ZOf3sBJdItuEtHN6uy/KxaOrtvpF8I5Hyn48Hc8z5miTSMujFKT7GEw==
  dependencies:
    "@aws-sdk/protocol-http" "3.226.0"
    "@aws-sdk/signature-v4" "3.226.0"
    "@aws-sdk/types" "3.226.0"
    "@aws-sdk/util-arn-parser" "3.208.0"
    tslib "^2.3.1"

"@aws-sdk/signature-v4@3.226.0":
  version "3.226.0"
  resolved "https://registry.yarnpkg.com/@aws-sdk/signature-v4/-/signature-v4-3.226.0.tgz#100390b5c5b55a9b0abd05b06fceb36cfa0ecf98"
  integrity sha512-/R5q5agdPd7HJB68XMzpxrNPk158EHUvkFkuRu5Qf3kkkHebEzWEBlWoVpUe6ss4rP9Tqcue6xPuaftEmhjpYw==
  dependencies:
    "@aws-sdk/is-array-buffer" "3.201.0"
    "@aws-sdk/types" "3.226.0"
    "@aws-sdk/util-hex-encoding" "3.201.0"
    "@aws-sdk/util-middleware" "3.226.0"
    "@aws-sdk/util-uri-escape" "3.201.0"
    tslib "^2.3.1"

"@aws-sdk/smithy-client@3.234.0":
  version "3.234.0"
  resolved "https://registry.yarnpkg.com/@aws-sdk/smithy-client/-/smithy-client-3.234.0.tgz#8f0021e021f0e52730ed0a8f271f839eb63bc374"
  integrity sha512-8AtR/k4vsFvjXeQbIzq/Wy7Nbk48Ou0wUEeVYPHWHPSU8QamFWORkOwmKtKMfHAyZvmqiAPeQqHFkq+UJhWyyQ==
  dependencies:
    "@aws-sdk/middleware-stack" "3.226.0"
    "@aws-sdk/types" "3.226.0"
    tslib "^2.3.1"

"@aws-sdk/token-providers@3.252.0":
  version "3.252.0"
  resolved "https://registry.yarnpkg.com/@aws-sdk/token-providers/-/token-providers-3.252.0.tgz#d39e8cdcb86f1d497eefecc348f7b826d7ea4ed4"
  integrity sha512-xi3pUP31tyKF4lJFCOgtkwSWESE9W1vE23Vybsq53wzXEYfnRql8RP+C9FFkUouAR6ixPHEcEYplB+l92CY49g==
  dependencies:
    "@aws-sdk/client-sso-oidc" "3.252.0"
    "@aws-sdk/property-provider" "3.226.0"
    "@aws-sdk/shared-ini-file-loader" "3.226.0"
    "@aws-sdk/types" "3.226.0"
    tslib "^2.3.1"

"@aws-sdk/types@3.226.0", "@aws-sdk/types@^3.1.0", "@aws-sdk/types@^3.110.0":
  version "3.226.0"
  resolved "https://registry.yarnpkg.com/@aws-sdk/types/-/types-3.226.0.tgz#3dba2ba223fbb8ac1ebc84de0e036ce69a81d469"
  integrity sha512-MmmNHrWeO4man7wpOwrAhXlevqtOV9ZLcH4RhnG5LmRce0RFOApx24HoKENfFCcOyCm5LQBlsXCqi0dZWDWU0A==
  dependencies:
    tslib "^2.3.1"

"@aws-sdk/url-parser@3.226.0":
  version "3.226.0"
  resolved "https://registry.yarnpkg.com/@aws-sdk/url-parser/-/url-parser-3.226.0.tgz#f53d1f868b27fe74aca091a799f2af56237b15a2"
  integrity sha512-p5RLE0QWyP0OcTOLmFcLdVgUcUEzmEfmdrnOxyNzomcYb0p3vUagA5zfa1HVK2azsQJFBv28GfvMnba9bGhObg==
  dependencies:
    "@aws-sdk/querystring-parser" "3.226.0"
    "@aws-sdk/types" "3.226.0"
    tslib "^2.3.1"

"@aws-sdk/util-arn-parser@3.208.0":
  version "3.208.0"
  resolved "https://registry.yarnpkg.com/@aws-sdk/util-arn-parser/-/util-arn-parser-3.208.0.tgz#56b6ae4699c3140bb27dcede5146876fef04e823"
  integrity sha512-QV4af+kscova9dv4VuHOgH8wEr/IIYHDGcnyVtkUEqahCejWr1Kuk+SBK0xMwnZY5LSycOtQ8aeqHOn9qOjZtA==
  dependencies:
    tslib "^2.3.1"

"@aws-sdk/util-base64@3.208.0":
  version "3.208.0"
  resolved "https://registry.yarnpkg.com/@aws-sdk/util-base64/-/util-base64-3.208.0.tgz#36b430e5396251f761590f7c2f0c5c12193f353c"
  integrity sha512-PQniZph5A6N7uuEOQi+1hnMz/FSOK/8kMFyFO+4DgA1dZ5pcKcn5wiFwHkcTb/BsgVqQa3Jx0VHNnvhlS8JyTg==
  dependencies:
    "@aws-sdk/util-buffer-from" "3.208.0"
    tslib "^2.3.1"

"@aws-sdk/util-body-length-browser@3.188.0":
  version "3.188.0"
  resolved "https://registry.yarnpkg.com/@aws-sdk/util-body-length-browser/-/util-body-length-browser-3.188.0.tgz#e1d949318c10a621b38575a9ef01e39f9857ddb0"
  integrity sha512-8VpnwFWXhnZ/iRSl9mTf+VKOX9wDE8QtN4bj9pBfxwf90H1X7E8T6NkiZD3k+HubYf2J94e7DbeHs7fuCPW5Qg==
  dependencies:
    tslib "^2.3.1"

"@aws-sdk/util-body-length-node@3.208.0":
  version "3.208.0"
  resolved "https://registry.yarnpkg.com/@aws-sdk/util-body-length-node/-/util-body-length-node-3.208.0.tgz#baabd1fa1206ff2bd4ce3785122d86eb3258dd20"
  integrity sha512-3zj50e5g7t/MQf53SsuuSf0hEELzMtD8RX8C76f12OSRo2Bca4FLLYHe0TZbxcfQHom8/hOaeZEyTyMogMglqg==
  dependencies:
    tslib "^2.3.1"

"@aws-sdk/util-buffer-from@3.208.0":
  version "3.208.0"
  resolved "https://registry.yarnpkg.com/@aws-sdk/util-buffer-from/-/util-buffer-from-3.208.0.tgz#285e86f6dc9030148a4147d65239e75cb254a1b0"
  integrity sha512-7L0XUixNEFcLUGPeBF35enCvB9Xl+K6SQsmbrPk1P3mlV9mguWSDQqbOBwY1Ir0OVbD6H/ZOQU7hI/9RtRI0Zw==
  dependencies:
    "@aws-sdk/is-array-buffer" "3.201.0"
    tslib "^2.3.1"

"@aws-sdk/util-config-provider@3.208.0":
  version "3.208.0"
  resolved "https://registry.yarnpkg.com/@aws-sdk/util-config-provider/-/util-config-provider-3.208.0.tgz#c485fd83fbac051337e5f6be60ea3f9fa61c0139"
  integrity sha512-DSRqwrERUsT34ug+anlMBIFooBEGwM8GejC7q00Y/9IPrQy50KnG5PW2NiTjuLKNi7pdEOlwTSEocJE15eDZIg==
  dependencies:
    tslib "^2.3.1"

"@aws-sdk/util-defaults-mode-browser@3.234.0":
  version "3.234.0"
  resolved "https://registry.yarnpkg.com/@aws-sdk/util-defaults-mode-browser/-/util-defaults-mode-browser-3.234.0.tgz#1151f0beabdb46c1aaca42a1ad0714b8e686acaa"
  integrity sha512-IHMKXjTbOD8XMz5+2oCOsVP94BYb9YyjXdns0aAXr2NAo7k2+RCzXQ2DebJXppGda1F6opFutoKwyVSN0cmbMw==
  dependencies:
    "@aws-sdk/property-provider" "3.226.0"
    "@aws-sdk/types" "3.226.0"
    bowser "^2.11.0"
    tslib "^2.3.1"

"@aws-sdk/util-defaults-mode-node@3.234.0":
  version "3.234.0"
  resolved "https://registry.yarnpkg.com/@aws-sdk/util-defaults-mode-node/-/util-defaults-mode-node-3.234.0.tgz#0607f1dc7a4dc896dfcaf377522535ca9ffba7a9"
  integrity sha512-UGjQ+OjBYYhxFVtUY+jtr0ZZgzZh6OHtYwRhFt8IHewJXFCfZTyfsbX20szBj5y1S4HRIUJ7cwBLIytTqMbI5w==
  dependencies:
    "@aws-sdk/config-resolver" "3.234.0"
    "@aws-sdk/credential-provider-imds" "3.226.0"
    "@aws-sdk/node-config-provider" "3.226.0"
    "@aws-sdk/property-provider" "3.226.0"
    "@aws-sdk/types" "3.226.0"
    tslib "^2.3.1"

"@aws-sdk/util-endpoints@3.245.0":
  version "3.245.0"
  resolved "https://registry.yarnpkg.com/@aws-sdk/util-endpoints/-/util-endpoints-3.245.0.tgz#6e161e92b4e2b89bcd98c40909f3f266851c504d"
  integrity sha512-UNOFquB1tKx+8RT8n82Zb5tIwDyZHVPBg/m0LB0RsLETjr6krien5ASpqWezsXKIR1hftN9uaxN4bvf2dZrWHg==
  dependencies:
    "@aws-sdk/types" "3.226.0"
    tslib "^2.3.1"

"@aws-sdk/util-hex-encoding@3.201.0":
  version "3.201.0"
  resolved "https://registry.yarnpkg.com/@aws-sdk/util-hex-encoding/-/util-hex-encoding-3.201.0.tgz#21d7ec319240ee68c33d938e71cb79830bea315d"
  integrity sha512-7t1vR1pVxKx0motd3X9rI3m/xNp78p3sHtP5yo4NP4ARpxyJ0fokBomY8ScaH2D/B+U5o9ARxldJUdMqyBlJcA==
  dependencies:
    tslib "^2.3.1"

"@aws-sdk/util-locate-window@^3.0.0":
  version "3.208.0"
  resolved "https://registry.yarnpkg.com/@aws-sdk/util-locate-window/-/util-locate-window-3.208.0.tgz#0f598fc238a1256e4bcb64d01459f03a922dd4c3"
  integrity sha512-iua1A2+P7JJEDHVgvXrRJSvsnzG7stYSGQnBVphIUlemwl6nN5D+QrgbjECtrbxRz8asYFHSzhdhECqN+tFiBg==
  dependencies:
    tslib "^2.3.1"

"@aws-sdk/util-middleware@3.226.0":
  version "3.226.0"
  resolved "https://registry.yarnpkg.com/@aws-sdk/util-middleware/-/util-middleware-3.226.0.tgz#7069ae96e2e00f6bb82c722e073922fb2b051ca2"
  integrity sha512-B96CQnwX4gRvQdaQkdUtqvDPkrptV5+va6FVeJOocU/DbSYMAScLxtR3peMS8cnlOT6nL1Eoa42OI9AfZz1VwQ==
  dependencies:
    tslib "^2.3.1"

"@aws-sdk/util-retry@3.229.0":
  version "3.229.0"
  resolved "https://registry.yarnpkg.com/@aws-sdk/util-retry/-/util-retry-3.229.0.tgz#17aad47b067e81acf644d5c2c0f2325f2d8faf4f"
  integrity sha512-0zKTqi0P1inD0LzIMuXRIYYQ/8c1lWMg/cfiqUcIAF1TpatlpZuN7umU0ierpBFud7S+zDgg0oemh+Nj8xliJw==
  dependencies:
    "@aws-sdk/service-error-classification" "3.229.0"
    tslib "^2.3.1"

"@aws-sdk/util-stream-browser@3.226.0":
  version "3.226.0"
  resolved "https://registry.yarnpkg.com/@aws-sdk/util-stream-browser/-/util-stream-browser-3.226.0.tgz#a14ea5c118d448f01ed6103203404f466960e5fe"
  integrity sha512-ZvjlA1ySaLd0DqUWTKmL7LsxfPhroAONpzsinaHmw9aZVL40s2cADU9eWgBdHTuAOeFklL7NP0cc6UiTFHKe8g==
  dependencies:
    "@aws-sdk/fetch-http-handler" "3.226.0"
    "@aws-sdk/types" "3.226.0"
    "@aws-sdk/util-base64" "3.208.0"
    "@aws-sdk/util-hex-encoding" "3.201.0"
    "@aws-sdk/util-utf8-browser" "3.188.0"
    tslib "^2.3.1"

"@aws-sdk/util-stream-node@3.226.0":
  version "3.226.0"
  resolved "https://registry.yarnpkg.com/@aws-sdk/util-stream-node/-/util-stream-node-3.226.0.tgz#7c568a947f47fea1f3b268b895b6e73235e29703"
  integrity sha512-HADXiIgDGoXcCLSKuPnjCLENf0iC0lzqqnymZu9H2FoACZhJB7DvJ9LnP51Pvw9lfCu+yvLzbMqSPdbXtMbRWg==
  dependencies:
    "@aws-sdk/node-http-handler" "3.226.0"
    "@aws-sdk/types" "3.226.0"
    "@aws-sdk/util-buffer-from" "3.208.0"
    tslib "^2.3.1"

"@aws-sdk/util-uri-escape@3.201.0":
  version "3.201.0"
  resolved "https://registry.yarnpkg.com/@aws-sdk/util-uri-escape/-/util-uri-escape-3.201.0.tgz#5e708d4cde001a4558ee616f889ceacfadd2ab03"
  integrity sha512-TeTWbGx4LU2c5rx0obHeDFeO9HvwYwQtMh1yniBz00pQb6Qt6YVOETVQikRZ+XRQwEyCg/dA375UplIpiy54mA==
  dependencies:
    tslib "^2.3.1"

"@aws-sdk/util-user-agent-browser@3.226.0":
  version "3.226.0"
  resolved "https://registry.yarnpkg.com/@aws-sdk/util-user-agent-browser/-/util-user-agent-browser-3.226.0.tgz#164bb2da8d6353133784e47f0a0ae463bc9ebb73"
  integrity sha512-PhBIu2h6sPJPcv2I7ELfFizdl5pNiL4LfxrasMCYXQkJvVnoXztHA1x+CQbXIdtZOIlpjC+6BjDcE0uhnpvfcA==
  dependencies:
    "@aws-sdk/types" "3.226.0"
    bowser "^2.11.0"
    tslib "^2.3.1"

"@aws-sdk/util-user-agent-node@3.226.0":
  version "3.226.0"
  resolved "https://registry.yarnpkg.com/@aws-sdk/util-user-agent-node/-/util-user-agent-node-3.226.0.tgz#7569460b9efc6bbd5295275c51357e480ff469c2"
  integrity sha512-othPc5Dz/pkYkxH+nZPhc1Al0HndQT8zHD4e9h+EZ+8lkd8n+IsnLfTS/mSJWrfiC6UlNRVw55cItstmJyMe/A==
  dependencies:
    "@aws-sdk/node-config-provider" "3.226.0"
    "@aws-sdk/types" "3.226.0"
    tslib "^2.3.1"

"@aws-sdk/util-utf8-browser@3.188.0", "@aws-sdk/util-utf8-browser@^3.0.0":
  version "3.188.0"
  resolved "https://registry.yarnpkg.com/@aws-sdk/util-utf8-browser/-/util-utf8-browser-3.188.0.tgz#484762bd600401350e148277731d6744a4a92225"
  integrity sha512-jt627x0+jE+Ydr9NwkFstg3cUvgWh56qdaqAMDsqgRlKD21md/6G226z/Qxl7lb1VEW2LlmCx43ai/37Qwcj2Q==
  dependencies:
    tslib "^2.3.1"

"@aws-sdk/util-utf8-node@3.208.0":
  version "3.208.0"
  resolved "https://registry.yarnpkg.com/@aws-sdk/util-utf8-node/-/util-utf8-node-3.208.0.tgz#eba17de0f92f87b98481c2e2d0ceaa05c7994d67"
  integrity sha512-jKY87Acv0yWBdFxx6bveagy5FYjz+dtV8IPT7ay1E2WPWH1czoIdMAkc8tSInK31T6CRnHWkLZ1qYwCbgRfERQ==
  dependencies:
    "@aws-sdk/util-buffer-from" "3.208.0"
    tslib "^2.3.1"

"@aws-sdk/util-waiter@3.226.0":
  version "3.226.0"
  resolved "https://registry.yarnpkg.com/@aws-sdk/util-waiter/-/util-waiter-3.226.0.tgz#6715afd59748cbc610ddfbc5e21124b20a7e85ac"
  integrity sha512-qYQMRxnu5k8qQihJXoIWMkBOj0+XkHHj/drLdbRnwL6ni6NcG8++cs9M3DSjIcxmxgF/7SLpDjn1H3sC7cYo4g==
  dependencies:
    "@aws-sdk/abort-controller" "3.226.0"
    "@aws-sdk/types" "3.226.0"
    tslib "^2.3.1"

"@aws-sdk/xml-builder@3.201.0":
  version "3.201.0"
  resolved "https://registry.yarnpkg.com/@aws-sdk/xml-builder/-/xml-builder-3.201.0.tgz#acf0869855460528114bec17f290b224fe19a3e2"
  integrity sha512-brRdB1wwMgjWEnOQsv7zSUhIQuh7DEicrfslAqHop4S4FtSI3GQAShpQqgOpMTNFYcpaWKmE/Y1MJmNY7xLCnw==
  dependencies:
    tslib "^2.3.1"

bowser@^2.11.0:
  version "2.11.0"
  resolved "https://registry.yarnpkg.com/bowser/-/bowser-2.11.0.tgz#5ca3c35757a7aa5771500c70a73a9f91ef420a8f"
  integrity sha512-AlcaJBi/pqqJBIQ8U9Mcpc9i8Aqxn88Skv5d+xBX006BY5u8N3mGLHa5Lgppa7L/HfwgwLgZ6NYs+Ag6uUmJRA==

fast-xml-parser@4.0.11:
  version "4.0.11"
  resolved "https://registry.yarnpkg.com/fast-xml-parser/-/fast-xml-parser-4.0.11.tgz#42332a9aca544520631c8919e6ea871c0185a985"
  integrity sha512-4aUg3aNRR/WjQAcpceODG1C3x3lFANXRo8+1biqfieHmg9pyMt7qB4lQV/Ta6sJCTbA5vfD8fnA8S54JATiFUA==
  dependencies:
    strnum "^1.0.5"

strnum@^1.0.5:
  version "1.0.5"
  resolved "https://registry.yarnpkg.com/strnum/-/strnum-1.0.5.tgz#5c4e829fe15ad4ff0d20c3db5ac97b73c9b072db"
  integrity sha512-J8bbNyKKXl5qYcR36TIO8W3mVGVHrmmxsd5PAItGkmyzwJvybiw2IVq5nqd0i4LSNSkB/sx9VHllbfFdr9k1JA==

tslib@^1.11.1:
  version "1.14.1"
  resolved "https://registry.yarnpkg.com/tslib/-/tslib-1.14.1.tgz#cf2d38bdc34a134bcaf1091c41f6619e2f672d00"
  integrity sha512-Xni35NKzjgMrwevysHTCArtLDpPvye8zV/0E4EyYn43P7/7qvQwPh9BGkHewbMulVntbigmcT7rdX3BNo9wRJg==

tslib@^2.3.1:
  version "2.4.1"
  resolved "https://registry.yarnpkg.com/tslib/-/tslib-2.4.1.tgz#0d0bfbaac2880b91e22df0768e55be9753a5b17e"
  integrity sha512-tGyy4dAjRIEwI7BzsB0lynWgOpfqjUdq91XXAlIWD2OwKBH7oCl/GZG/HT4BOHrTlPMOASlMQ7veyTqpmRcrNA==

uuid@^8.3.2:
  version "8.3.2"
  resolved "https://registry.yarnpkg.com/uuid/-/uuid-8.3.2.tgz#80d5b5ced271bb9af6c445f21a1a04c606cefbe2"
  integrity sha512-+NYs2QeMWy+GWFOEm9xnn6HCDp0l7QBD7ml8zLUmJ+93Q5NF0NocErnwkTkXVFNiX3/fpC6afS8Dhb/gz7R7eg==
