# This file is generated by running "yarn install" inside your project.
# Manual changes might be lost - proceed with caution!

__metadata:
  version: 8
  cacheKey: 10c0

"@aws-crypto/crc32@npm:3.0.0":
  version: 3.0.0
  resolution: "@aws-crypto/crc32@npm:3.0.0"
  dependencies:
    "@aws-crypto/util": "npm:^3.0.0"
    "@aws-sdk/types": "npm:^3.222.0"
    tslib: "npm:^1.11.1"
  checksum: 10c0/09189ada61a4ffe6b3bd363b0535438470a8cc1a83c89a2591ef2a0b91acb9c4ba95626557cddf856abb9df0d2bfdb0969512f1949b6db7bff5d17109d8beb3f
  languageName: node
  linkType: hard

"@aws-crypto/crc32c@npm:3.0.0":
  version: 3.0.0
  resolution: "@aws-crypto/crc32c@npm:3.0.0"
  dependencies:
    "@aws-crypto/util": "npm:^3.0.0"
    "@aws-sdk/types": "npm:^3.222.0"
    tslib: "npm:^1.11.1"
  checksum: 10c0/a5c7ec12ec23fd44c93971234176e0f3bda33d1d5ff3abe25a538f46d8a0baa312eefd179ac3f9bcca1c2d31886e3a36d1e2349b6989c59c3ea6853161095229
  languageName: node
  linkType: hard

"@aws-crypto/ie11-detection@npm:^3.0.0":
  version: 3.0.0
  resolution: "@aws-crypto/ie11-detection@npm:3.0.0"
  dependencies:
    tslib: "npm:^1.11.1"
  checksum: 10c0/388891b86d816adb658175afeedaa6c4b4c70e83a7e94050d0425788da7fd5c1d675c5bd1588700e5168325bb342cc1063aa1ee4e519bc7f9b028b3998b69c53
  languageName: node
  linkType: hard

"@aws-crypto/sha1-browser@npm:3.0.0":
  version: 3.0.0
  resolution: "@aws-crypto/sha1-browser@npm:3.0.0"
  dependencies:
    "@aws-crypto/ie11-detection": "npm:^3.0.0"
    "@aws-crypto/supports-web-crypto": "npm:^3.0.0"
    "@aws-crypto/util": "npm:^3.0.0"
    "@aws-sdk/types": "npm:^3.222.0"
    "@aws-sdk/util-locate-window": "npm:^3.0.0"
    "@aws-sdk/util-utf8-browser": "npm:^3.0.0"
    tslib: "npm:^1.11.1"
  checksum: 10c0/26b51cba7f4f0412531205661d21e4a4f56cd87dbcfeb9844c4758b23029b83ff9815bd5207abbe98b62803948625d559cf177f6f6bce3af6654a6e05e0e1e31
  languageName: node
  linkType: hard

"@aws-crypto/sha256-browser@npm:3.0.0":
  version: 3.0.0
  resolution: "@aws-crypto/sha256-browser@npm:3.0.0"
  dependencies:
    "@aws-crypto/ie11-detection": "npm:^3.0.0"
    "@aws-crypto/sha256-js": "npm:^3.0.0"
    "@aws-crypto/supports-web-crypto": "npm:^3.0.0"
    "@aws-crypto/util": "npm:^3.0.0"
    "@aws-sdk/types": "npm:^3.222.0"
    "@aws-sdk/util-locate-window": "npm:^3.0.0"
    "@aws-sdk/util-utf8-browser": "npm:^3.0.0"
    tslib: "npm:^1.11.1"
  checksum: 10c0/c6a2d6b8176f6ab34b86f7b8c81e2beeae9d41bd4f5f375b332fbe9cbb916b94adcd70676fc7a505ba5abd4232dec1ddfcfa55877f91696d4c65f166648f3026
  languageName: node
  linkType: hard

"@aws-crypto/sha256-js@npm:3.0.0, @aws-crypto/sha256-js@npm:^3.0.0":
  version: 3.0.0
  resolution: "@aws-crypto/sha256-js@npm:3.0.0"
  dependencies:
    "@aws-crypto/util": "npm:^3.0.0"
    "@aws-sdk/types": "npm:^3.222.0"
    tslib: "npm:^1.11.1"
  checksum: 10c0/fc013b25a5813c425d4fb77c9ffbc8b5f73d2c78b423df98a1b2575a26de5ff3775c8f62fcf8ef2cc39c8af1cc651013e2c670c1a605a2e16749e06920a2d68f
  languageName: node
  linkType: hard

"@aws-crypto/supports-web-crypto@npm:^3.0.0":
  version: 3.0.0
  resolution: "@aws-crypto/supports-web-crypto@npm:3.0.0"
  dependencies:
    tslib: "npm:^1.11.1"
  checksum: 10c0/67e5cbdebd9560244658ba4dd8610c8dc51022497780961fb5061c09618d4337e18b1ee6c71ac24b4aca175f2aa34d1390b95f8759dc293f197f2339dd5dd8c9
  languageName: node
  linkType: hard

"@aws-crypto/util@npm:^3.0.0":
  version: 3.0.0
  resolution: "@aws-crypto/util@npm:3.0.0"
  dependencies:
    "@aws-sdk/types": "npm:^3.222.0"
    "@aws-sdk/util-utf8-browser": "npm:^3.0.0"
    tslib: "npm:^1.11.1"
  checksum: 10c0/71ab6963daabbf080b274e24d160e4af6c8bbb6832bb885644018849ff53356bf82bb8000b8596cf296e7d6b14ad6201872b6b902f944e97e121eb2b2f692667
  languageName: node
  linkType: hard

"@aws-sdk/client-s3@npm:*":
  version: 3.374.0
  resolution: "@aws-sdk/client-s3@npm:3.374.0"
  dependencies:
    "@aws-crypto/sha1-browser": "npm:3.0.0"
    "@aws-crypto/sha256-browser": "npm:3.0.0"
    "@aws-crypto/sha256-js": "npm:3.0.0"
    "@aws-sdk/client-sts": "npm:3.370.0"
    "@aws-sdk/credential-provider-node": "npm:3.370.0"
    "@aws-sdk/hash-stream-node": "npm:3.374.0"
    "@aws-sdk/middleware-bucket-endpoint": "npm:3.370.0"
    "@aws-sdk/middleware-expect-continue": "npm:3.370.0"
    "@aws-sdk/middleware-flexible-checksums": "npm:3.374.0"
    "@aws-sdk/middleware-host-header": "npm:3.370.0"
    "@aws-sdk/middleware-location-constraint": "npm:3.370.0"
    "@aws-sdk/middleware-logger": "npm:3.370.0"
    "@aws-sdk/middleware-recursion-detection": "npm:3.370.0"
    "@aws-sdk/middleware-sdk-s3": "npm:3.370.0"
    "@aws-sdk/middleware-signing": "npm:3.370.0"
    "@aws-sdk/middleware-ssec": "npm:3.370.0"
    "@aws-sdk/middleware-user-agent": "npm:3.370.0"
    "@aws-sdk/signature-v4-multi-region": "npm:3.370.0"
    "@aws-sdk/types": "npm:3.370.0"
    "@aws-sdk/util-endpoints": "npm:3.370.0"
    "@aws-sdk/util-user-agent-browser": "npm:3.370.0"
    "@aws-sdk/util-user-agent-node": "npm:3.370.0"
    "@aws-sdk/xml-builder": "npm:3.310.0"
    "@smithy/config-resolver": "npm:^1.0.1"
    "@smithy/eventstream-serde-browser": "npm:^1.0.1"
    "@smithy/eventstream-serde-config-resolver": "npm:^1.0.1"
    "@smithy/eventstream-serde-node": "npm:^1.0.1"
    "@smithy/fetch-http-handler": "npm:^1.0.1"
    "@smithy/hash-blob-browser": "npm:^1.0.1"
    "@smithy/hash-node": "npm:^1.0.1"
    "@smithy/invalid-dependency": "npm:^1.0.1"
    "@smithy/md5-js": "npm:^1.0.1"
    "@smithy/middleware-content-length": "npm:^1.0.1"
    "@smithy/middleware-endpoint": "npm:^1.0.2"
    "@smithy/middleware-retry": "npm:^1.0.3"
    "@smithy/middleware-serde": "npm:^1.0.1"
    "@smithy/middleware-stack": "npm:^1.0.1"
    "@smithy/node-config-provider": "npm:^1.0.1"
    "@smithy/node-http-handler": "npm:^1.0.2"
    "@smithy/protocol-http": "npm:^1.1.0"
    "@smithy/smithy-client": "npm:^1.0.3"
    "@smithy/types": "npm:^1.1.0"
    "@smithy/url-parser": "npm:^1.0.1"
    "@smithy/util-base64": "npm:^1.0.1"
    "@smithy/util-body-length-browser": "npm:^1.0.1"
    "@smithy/util-body-length-node": "npm:^1.0.1"
    "@smithy/util-defaults-mode-browser": "npm:^1.0.1"
    "@smithy/util-defaults-mode-node": "npm:^1.0.1"
    "@smithy/util-retry": "npm:^1.0.3"
    "@smithy/util-stream": "npm:^1.0.1"
    "@smithy/util-utf8": "npm:^1.0.1"
    "@smithy/util-waiter": "npm:^1.0.1"
    fast-xml-parser: "npm:4.2.5"
    tslib: "npm:^2.5.0"
  checksum: 10c0/db597dac4a471e974706f905d17ad86f673238766dc8fbaf3c3644afd5b28136fa2d9039e2af42b6d32f0e4e4efc9ac38b98f3dab6b8e91e6c68e3740c91b6d7
  languageName: node
  linkType: hard

"@aws-sdk/client-sso-oidc@npm:3.370.0":
  version: 3.370.0
  resolution: "@aws-sdk/client-sso-oidc@npm:3.370.0"
  dependencies:
    "@aws-crypto/sha256-browser": "npm:3.0.0"
    "@aws-crypto/sha256-js": "npm:3.0.0"
    "@aws-sdk/middleware-host-header": "npm:3.370.0"
    "@aws-sdk/middleware-logger": "npm:3.370.0"
    "@aws-sdk/middleware-recursion-detection": "npm:3.370.0"
    "@aws-sdk/middleware-user-agent": "npm:3.370.0"
    "@aws-sdk/types": "npm:3.370.0"
    "@aws-sdk/util-endpoints": "npm:3.370.0"
    "@aws-sdk/util-user-agent-browser": "npm:3.370.0"
    "@aws-sdk/util-user-agent-node": "npm:3.370.0"
    "@smithy/config-resolver": "npm:^1.0.1"
    "@smithy/fetch-http-handler": "npm:^1.0.1"
    "@smithy/hash-node": "npm:^1.0.1"
    "@smithy/invalid-dependency": "npm:^1.0.1"
    "@smithy/middleware-content-length": "npm:^1.0.1"
    "@smithy/middleware-endpoint": "npm:^1.0.2"
    "@smithy/middleware-retry": "npm:^1.0.3"
    "@smithy/middleware-serde": "npm:^1.0.1"
    "@smithy/middleware-stack": "npm:^1.0.1"
    "@smithy/node-config-provider": "npm:^1.0.1"
    "@smithy/node-http-handler": "npm:^1.0.2"
    "@smithy/protocol-http": "npm:^1.1.0"
    "@smithy/smithy-client": "npm:^1.0.3"
    "@smithy/types": "npm:^1.1.0"
    "@smithy/url-parser": "npm:^1.0.1"
    "@smithy/util-base64": "npm:^1.0.1"
    "@smithy/util-body-length-browser": "npm:^1.0.1"
    "@smithy/util-body-length-node": "npm:^1.0.1"
    "@smithy/util-defaults-mode-browser": "npm:^1.0.1"
    "@smithy/util-defaults-mode-node": "npm:^1.0.1"
    "@smithy/util-retry": "npm:^1.0.3"
    "@smithy/util-utf8": "npm:^1.0.1"
    tslib: "npm:^2.5.0"
  checksum: 10c0/1bd446613cc09a5c1e71f279e075f7a543601868f110ae9ee2eef46a20ef7c38eed48989b00f623b0d889c14cd9f9bb8a9faaa50089d5fe23685a9dd7f40de2a
  languageName: node
  linkType: hard

"@aws-sdk/client-sso@npm:3.370.0":
  version: 3.370.0
  resolution: "@aws-sdk/client-sso@npm:3.370.0"
  dependencies:
    "@aws-crypto/sha256-browser": "npm:3.0.0"
    "@aws-crypto/sha256-js": "npm:3.0.0"
    "@aws-sdk/middleware-host-header": "npm:3.370.0"
    "@aws-sdk/middleware-logger": "npm:3.370.0"
    "@aws-sdk/middleware-recursion-detection": "npm:3.370.0"
    "@aws-sdk/middleware-user-agent": "npm:3.370.0"
    "@aws-sdk/types": "npm:3.370.0"
    "@aws-sdk/util-endpoints": "npm:3.370.0"
    "@aws-sdk/util-user-agent-browser": "npm:3.370.0"
    "@aws-sdk/util-user-agent-node": "npm:3.370.0"
    "@smithy/config-resolver": "npm:^1.0.1"
    "@smithy/fetch-http-handler": "npm:^1.0.1"
    "@smithy/hash-node": "npm:^1.0.1"
    "@smithy/invalid-dependency": "npm:^1.0.1"
    "@smithy/middleware-content-length": "npm:^1.0.1"
    "@smithy/middleware-endpoint": "npm:^1.0.2"
    "@smithy/middleware-retry": "npm:^1.0.3"
    "@smithy/middleware-serde": "npm:^1.0.1"
    "@smithy/middleware-stack": "npm:^1.0.1"
    "@smithy/node-config-provider": "npm:^1.0.1"
    "@smithy/node-http-handler": "npm:^1.0.2"
    "@smithy/protocol-http": "npm:^1.1.0"
    "@smithy/smithy-client": "npm:^1.0.3"
    "@smithy/types": "npm:^1.1.0"
    "@smithy/url-parser": "npm:^1.0.1"
    "@smithy/util-base64": "npm:^1.0.1"
    "@smithy/util-body-length-browser": "npm:^1.0.1"
    "@smithy/util-body-length-node": "npm:^1.0.1"
    "@smithy/util-defaults-mode-browser": "npm:^1.0.1"
    "@smithy/util-defaults-mode-node": "npm:^1.0.1"
    "@smithy/util-retry": "npm:^1.0.3"
    "@smithy/util-utf8": "npm:^1.0.1"
    tslib: "npm:^2.5.0"
  checksum: 10c0/388470cc8ec7d99f341a10fa79222891c041578b2718e5a46948b0b5da9e0bfffc8ce394b87acfb2e3164adaaf0d4931a7995f53bdddb63a2f34138ea88d2424
  languageName: node
  linkType: hard

"@aws-sdk/client-sts@npm:3.370.0":
  version: 3.370.0
  resolution: "@aws-sdk/client-sts@npm:3.370.0"
  dependencies:
    "@aws-crypto/sha256-browser": "npm:3.0.0"
    "@aws-crypto/sha256-js": "npm:3.0.0"
    "@aws-sdk/credential-provider-node": "npm:3.370.0"
    "@aws-sdk/middleware-host-header": "npm:3.370.0"
    "@aws-sdk/middleware-logger": "npm:3.370.0"
    "@aws-sdk/middleware-recursion-detection": "npm:3.370.0"
    "@aws-sdk/middleware-sdk-sts": "npm:3.370.0"
    "@aws-sdk/middleware-signing": "npm:3.370.0"
    "@aws-sdk/middleware-user-agent": "npm:3.370.0"
    "@aws-sdk/types": "npm:3.370.0"
    "@aws-sdk/util-endpoints": "npm:3.370.0"
    "@aws-sdk/util-user-agent-browser": "npm:3.370.0"
    "@aws-sdk/util-user-agent-node": "npm:3.370.0"
    "@smithy/config-resolver": "npm:^1.0.1"
    "@smithy/fetch-http-handler": "npm:^1.0.1"
    "@smithy/hash-node": "npm:^1.0.1"
    "@smithy/invalid-dependency": "npm:^1.0.1"
    "@smithy/middleware-content-length": "npm:^1.0.1"
    "@smithy/middleware-endpoint": "npm:^1.0.2"
    "@smithy/middleware-retry": "npm:^1.0.3"
    "@smithy/middleware-serde": "npm:^1.0.1"
    "@smithy/middleware-stack": "npm:^1.0.1"
    "@smithy/node-config-provider": "npm:^1.0.1"
    "@smithy/node-http-handler": "npm:^1.0.2"
    "@smithy/protocol-http": "npm:^1.1.0"
    "@smithy/smithy-client": "npm:^1.0.3"
    "@smithy/types": "npm:^1.1.0"
    "@smithy/url-parser": "npm:^1.0.1"
    "@smithy/util-base64": "npm:^1.0.1"
    "@smithy/util-body-length-browser": "npm:^1.0.1"
    "@smithy/util-body-length-node": "npm:^1.0.1"
    "@smithy/util-defaults-mode-browser": "npm:^1.0.1"
    "@smithy/util-defaults-mode-node": "npm:^1.0.1"
    "@smithy/util-retry": "npm:^1.0.3"
    "@smithy/util-utf8": "npm:^1.0.1"
    fast-xml-parser: "npm:4.2.5"
    tslib: "npm:^2.5.0"
  checksum: 10c0/3eb40997b1670d72e979475ea8c3d9f207bbed08415a1ca42d6cda76363e79367cd6f1cd8aa3151c7113fbbab38653686113aa05fff800c2c8e2b658b1481067
  languageName: node
  linkType: hard

"@aws-sdk/credential-provider-env@npm:3.370.0":
  version: 3.370.0
  resolution: "@aws-sdk/credential-provider-env@npm:3.370.0"
  dependencies:
    "@aws-sdk/types": "npm:3.370.0"
    "@smithy/property-provider": "npm:^1.0.1"
    "@smithy/types": "npm:^1.1.0"
    tslib: "npm:^2.5.0"
  checksum: 10c0/17b4325f2716cfdc907a2c17cc16a19f3e703fad23c0f42637649f7798d7b685d269d9956bf184fef4fd636561886a0f4b45537caa917e7817b445ed468df39e
  languageName: node
  linkType: hard

"@aws-sdk/credential-provider-ini@npm:3.370.0":
  version: 3.370.0
  resolution: "@aws-sdk/credential-provider-ini@npm:3.370.0"
  dependencies:
    "@aws-sdk/credential-provider-env": "npm:3.370.0"
    "@aws-sdk/credential-provider-process": "npm:3.370.0"
    "@aws-sdk/credential-provider-sso": "npm:3.370.0"
    "@aws-sdk/credential-provider-web-identity": "npm:3.370.0"
    "@aws-sdk/types": "npm:3.370.0"
    "@smithy/credential-provider-imds": "npm:^1.0.1"
    "@smithy/property-provider": "npm:^1.0.1"
    "@smithy/shared-ini-file-loader": "npm:^1.0.1"
    "@smithy/types": "npm:^1.1.0"
    tslib: "npm:^2.5.0"
  checksum: 10c0/6e57675609e114fa8d523984e3a3176a2d66a4a7c215ed50b1572f869917f56576e212ed9fa23481c381c04a61179ae37f24b97f754d8bc22a4b6425b3d68a76
  languageName: node
  linkType: hard

"@aws-sdk/credential-provider-node@npm:3.370.0":
  version: 3.370.0
  resolution: "@aws-sdk/credential-provider-node@npm:3.370.0"
  dependencies:
    "@aws-sdk/credential-provider-env": "npm:3.370.0"
    "@aws-sdk/credential-provider-ini": "npm:3.370.0"
    "@aws-sdk/credential-provider-process": "npm:3.370.0"
    "@aws-sdk/credential-provider-sso": "npm:3.370.0"
    "@aws-sdk/credential-provider-web-identity": "npm:3.370.0"
    "@aws-sdk/types": "npm:3.370.0"
    "@smithy/credential-provider-imds": "npm:^1.0.1"
    "@smithy/property-provider": "npm:^1.0.1"
    "@smithy/shared-ini-file-loader": "npm:^1.0.1"
    "@smithy/types": "npm:^1.1.0"
    tslib: "npm:^2.5.0"
  checksum: 10c0/2a46e549bf64b2f846fe53b4536ae2ebb6a363cf649bbd0abd2895b97eb1c3d27768b915c4c67da66d40ab5cddced0e3496fe7e0bc0ad9878dd1c22b1b43cce6
  languageName: node
  linkType: hard

"@aws-sdk/credential-provider-process@npm:3.370.0":
  version: 3.370.0
  resolution: "@aws-sdk/credential-provider-process@npm:3.370.0"
  dependencies:
    "@aws-sdk/types": "npm:3.370.0"
    "@smithy/property-provider": "npm:^1.0.1"
    "@smithy/shared-ini-file-loader": "npm:^1.0.1"
    "@smithy/types": "npm:^1.1.0"
    tslib: "npm:^2.5.0"
  checksum: 10c0/0e8e41082fad696caaf478b4fa3d13da867ba2692ce5d00631b6083c42c6aea5dc311337001c61bae4645e2bcda7e3bf89e22e4b53e914c39d81db89f0cf266f
  languageName: node
  linkType: hard

"@aws-sdk/credential-provider-sso@npm:3.370.0":
  version: 3.370.0
  resolution: "@aws-sdk/credential-provider-sso@npm:3.370.0"
  dependencies:
    "@aws-sdk/client-sso": "npm:3.370.0"
    "@aws-sdk/token-providers": "npm:3.370.0"
    "@aws-sdk/types": "npm:3.370.0"
    "@smithy/property-provider": "npm:^1.0.1"
    "@smithy/shared-ini-file-loader": "npm:^1.0.1"
    "@smithy/types": "npm:^1.1.0"
    tslib: "npm:^2.5.0"
  checksum: 10c0/1775009d99dc1dc8fd03e993be5bd19a5f2dae23f95613897094a4767c88ae78e0d70834dfa069033b29d638378b18427e04f724448d29be6bc2ef6c5f6e022a
  languageName: node
  linkType: hard

"@aws-sdk/credential-provider-web-identity@npm:3.370.0":
  version: 3.370.0
  resolution: "@aws-sdk/credential-provider-web-identity@npm:3.370.0"
  dependencies:
    "@aws-sdk/types": "npm:3.370.0"
    "@smithy/property-provider": "npm:^1.0.1"
    "@smithy/types": "npm:^1.1.0"
    tslib: "npm:^2.5.0"
  checksum: 10c0/28998dc503b616d64b325b8b6d94336f52d7d35ff9b281b979357642018dcf82bd83680c8b318c2eb10a32965a840b9498f6a880f21a5eeb1fe7b3b430e8349c
  languageName: node
  linkType: hard

"@aws-sdk/hash-stream-node@npm:3.374.0":
  version: 3.374.0
  resolution: "@aws-sdk/hash-stream-node@npm:3.374.0"
  dependencies:
    "@smithy/hash-stream-node": "npm:^1.0.1"
    tslib: "npm:^2.5.0"
  checksum: 10c0/5e2d7023432cca1b1ad9e67a65d1289914096e9e38c0b256a10077c62c3eba19f495d56a58ac726ac056db2de0c1e250ee7614eb92f2572ace64f58c362c9484
  languageName: node
  linkType: hard

"@aws-sdk/middleware-bucket-endpoint@npm:3.370.0":
  version: 3.370.0
  resolution: "@aws-sdk/middleware-bucket-endpoint@npm:3.370.0"
  dependencies:
    "@aws-sdk/types": "npm:3.370.0"
    "@aws-sdk/util-arn-parser": "npm:3.310.0"
    "@smithy/protocol-http": "npm:^1.1.0"
    "@smithy/types": "npm:^1.1.0"
    "@smithy/util-config-provider": "npm:^1.0.1"
    tslib: "npm:^2.5.0"
  checksum: 10c0/a3cf9637592e0e9bfabaacee9e948b87f70482150cdab4e04b373368a3b300ea8d076aae65c0d39c693ad24c54e443c513f879439ef7eaf1f343af6495eac477
  languageName: node
  linkType: hard

"@aws-sdk/middleware-expect-continue@npm:3.370.0":
  version: 3.370.0
  resolution: "@aws-sdk/middleware-expect-continue@npm:3.370.0"
  dependencies:
    "@aws-sdk/types": "npm:3.370.0"
    "@smithy/protocol-http": "npm:^1.1.0"
    "@smithy/types": "npm:^1.1.0"
    tslib: "npm:^2.5.0"
  checksum: 10c0/5ec746f839f18c9e9ce7e42e4f0d1459f3c866726645cd09850861fb9f501a454d478e553e90d4e6062b8a67e11408c0d66046a49833b0699d944df3e4ceefbd
  languageName: node
  linkType: hard

"@aws-sdk/middleware-flexible-checksums@npm:3.374.0":
  version: 3.374.0
  resolution: "@aws-sdk/middleware-flexible-checksums@npm:3.374.0"
  dependencies:
    "@aws-crypto/crc32": "npm:3.0.0"
    "@aws-crypto/crc32c": "npm:3.0.0"
    "@aws-sdk/types": "npm:3.370.0"
    "@smithy/is-array-buffer": "npm:^1.0.1"
    "@smithy/protocol-http": "npm:^1.1.0"
    "@smithy/types": "npm:^1.1.0"
    "@smithy/util-utf8": "npm:^1.0.1"
    tslib: "npm:^2.5.0"
  checksum: 10c0/35b2b899f053a430184128af056c551c539b7c05e5c0ce4a0a7d7168644e9cb4305ed80319221a0e3456f7aa527ef3bddc83deecd66f6a118ee1e09c54bb068c
  languageName: node
  linkType: hard

"@aws-sdk/middleware-host-header@npm:3.370.0":
  version: 3.370.0
  resolution: "@aws-sdk/middleware-host-header@npm:3.370.0"
  dependencies:
    "@aws-sdk/types": "npm:3.370.0"
    "@smithy/protocol-http": "npm:^1.1.0"
    "@smithy/types": "npm:^1.1.0"
    tslib: "npm:^2.5.0"
  checksum: 10c0/20f48c05295184fe0a2d66344763f0a5790c2f46641b5b032018a4a01f2b496c915ae0b3302daff94774c45ade021093c5dd3bb10b413041544a70f68cd5f243
  languageName: node
  linkType: hard

"@aws-sdk/middleware-location-constraint@npm:3.370.0":
  version: 3.370.0
  resolution: "@aws-sdk/middleware-location-constraint@npm:3.370.0"
  dependencies:
    "@aws-sdk/types": "npm:3.370.0"
    "@smithy/types": "npm:^1.1.0"
    tslib: "npm:^2.5.0"
  checksum: 10c0/b1abfd9924052849ef739e8df07fe5c2c8fa1b2fa2500f6a97682f08e062628a98c5cf4bdf1a3767122ef700be87221cc84fb2f3cdb6e21b2730ae4982fa9d92
  languageName: node
  linkType: hard

"@aws-sdk/middleware-logger@npm:3.370.0":
  version: 3.370.0
  resolution: "@aws-sdk/middleware-logger@npm:3.370.0"
  dependencies:
    "@aws-sdk/types": "npm:3.370.0"
    "@smithy/types": "npm:^1.1.0"
    tslib: "npm:^2.5.0"
  checksum: 10c0/cc7508432205a8a452f86f3bee4ced50bf9f54146e713ae5c27254d0669f0cb845e8631bddb58ea7ff12af938e00b7f744d429d594383c9618a3e87256911dfd
  languageName: node
  linkType: hard

"@aws-sdk/middleware-recursion-detection@npm:3.370.0":
  version: 3.370.0
  resolution: "@aws-sdk/middleware-recursion-detection@npm:3.370.0"
  dependencies:
    "@aws-sdk/types": "npm:3.370.0"
    "@smithy/protocol-http": "npm:^1.1.0"
    "@smithy/types": "npm:^1.1.0"
    tslib: "npm:^2.5.0"
  checksum: 10c0/5c59f742cfefd1f66770d29e22358b2d5e248a91c18d36cbad5f5c94c7a6e6da5f8783a472db1b1f621728221612360825c4c0e1f2621efafa192ad78ba216c1
  languageName: node
  linkType: hard

"@aws-sdk/middleware-sdk-s3@npm:3.370.0":
  version: 3.370.0
  resolution: "@aws-sdk/middleware-sdk-s3@npm:3.370.0"
  dependencies:
    "@aws-sdk/types": "npm:3.370.0"
    "@aws-sdk/util-arn-parser": "npm:3.310.0"
    "@smithy/protocol-http": "npm:^1.1.0"
    "@smithy/types": "npm:^1.1.0"
    tslib: "npm:^2.5.0"
  checksum: 10c0/91d907b7815d3863fbf3865c8b0b87b382fcba16f6b97d347b9fb391bf11dec1c0d952468d8bcfacc917d39ccecc6b0d04e4f6a89fc856da2da7574d58470e5d
  languageName: node
  linkType: hard

"@aws-sdk/middleware-sdk-sts@npm:3.370.0":
  version: 3.370.0
  resolution: "@aws-sdk/middleware-sdk-sts@npm:3.370.0"
  dependencies:
    "@aws-sdk/middleware-signing": "npm:3.370.0"
    "@aws-sdk/types": "npm:3.370.0"
    "@smithy/types": "npm:^1.1.0"
    tslib: "npm:^2.5.0"
  checksum: 10c0/2e38fd732894654ec35528c344191fa357dff4ebae766a20d4c2dd0a90edaf0f599f612b12414c17a0a2d52da6a7fcf92c004409cabd9496814d69b48d227ea7
  languageName: node
  linkType: hard

"@aws-sdk/middleware-signing@npm:3.370.0":
  version: 3.370.0
  resolution: "@aws-sdk/middleware-signing@npm:3.370.0"
  dependencies:
    "@aws-sdk/types": "npm:3.370.0"
    "@smithy/property-provider": "npm:^1.0.1"
    "@smithy/protocol-http": "npm:^1.1.0"
    "@smithy/signature-v4": "npm:^1.0.1"
    "@smithy/types": "npm:^1.1.0"
    "@smithy/util-middleware": "npm:^1.0.1"
    tslib: "npm:^2.5.0"
  checksum: 10c0/71ae8a48bb32d1afaae2f344b1f1b99e33d4a913dbe66dc77d4b6ba4a6ae43dcc4eca8dfe9f8b712496156354a94832e37c62ac350bc917131e370cc4a8f14ee
  languageName: node
  linkType: hard

"@aws-sdk/middleware-ssec@npm:3.370.0":
  version: 3.370.0
  resolution: "@aws-sdk/middleware-ssec@npm:3.370.0"
  dependencies:
    "@aws-sdk/types": "npm:3.370.0"
    "@smithy/types": "npm:^1.1.0"
    tslib: "npm:^2.5.0"
  checksum: 10c0/3fa2334741d14bd0cbdc4cc13ff2ddd20afd193d38c1aac8d8946952af926b64f72a4f2af0ca2041b0acf10ac530aacec4e5eea5c959d47eb2d20d9fe8b11bf7
  languageName: node
  linkType: hard

"@aws-sdk/middleware-user-agent@npm:3.370.0":
  version: 3.370.0
  resolution: "@aws-sdk/middleware-user-agent@npm:3.370.0"
  dependencies:
    "@aws-sdk/types": "npm:3.370.0"
    "@aws-sdk/util-endpoints": "npm:3.370.0"
    "@smithy/protocol-http": "npm:^1.1.0"
    "@smithy/types": "npm:^1.1.0"
    tslib: "npm:^2.5.0"
  checksum: 10c0/382f50da7aaa2be2a1c65d6acddbdd52d87fff44733cea3d9ff49b222f4feaaed488799205ed9597c81c6799380ff999c3d58f358a6cad6aa7311e2ad8d21ee8
  languageName: node
  linkType: hard

"@aws-sdk/signature-v4-multi-region@npm:3.370.0":
  version: 3.370.0
  resolution: "@aws-sdk/signature-v4-multi-region@npm:3.370.0"
  dependencies:
    "@aws-sdk/types": "npm:3.370.0"
    "@smithy/protocol-http": "npm:^1.1.0"
    "@smithy/signature-v4": "npm:^1.0.1"
    "@smithy/types": "npm:^1.1.0"
    tslib: "npm:^2.5.0"
  peerDependencies:
    "@aws-sdk/signature-v4-crt": ^3.118.0
  peerDependenciesMeta:
    "@aws-sdk/signature-v4-crt":
      optional: true
  checksum: 10c0/9a0c5657131760c03126911ae50ed45af23bb170d6889ce7e7983bc0effdf4bee6c21bc4090210611732244885b88b83d80c804ad8d8d7317006b382c699b021
  languageName: node
  linkType: hard

"@aws-sdk/token-providers@npm:3.370.0":
  version: 3.370.0
  resolution: "@aws-sdk/token-providers@npm:3.370.0"
  dependencies:
    "@aws-sdk/client-sso-oidc": "npm:3.370.0"
    "@aws-sdk/types": "npm:3.370.0"
    "@smithy/property-provider": "npm:^1.0.1"
    "@smithy/shared-ini-file-loader": "npm:^1.0.1"
    "@smithy/types": "npm:^1.1.0"
    tslib: "npm:^2.5.0"
  checksum: 10c0/1581bc5b28bd40408b56639c113ec7f3a25892d92c6906b869fb99db5ac94d75b16addcf71584ea41fd59894d417f4a256023763c9429135c899ceb20eaf3832
  languageName: node
  linkType: hard

"@aws-sdk/types@npm:3.370.0, @aws-sdk/types@npm:^3.222.0":
  version: 3.370.0
  resolution: "@aws-sdk/types@npm:3.370.0"
  dependencies:
    "@smithy/types": "npm:^1.1.0"
    tslib: "npm:^2.5.0"
  checksum: 10c0/6a9d94014a83b4e1682529a36ef98f177ece93d2a738559c5bfc670df65c63315d183dcb7aa6c36dd0981a830094d83aa20e3c15afa8a4651fcbdf8f9f669184
  languageName: node
  linkType: hard

"@aws-sdk/util-arn-parser@npm:3.310.0":
  version: 3.310.0
  resolution: "@aws-sdk/util-arn-parser@npm:3.310.0"
  dependencies:
    tslib: "npm:^2.5.0"
  checksum: 10c0/7214c1291748751976d2d5125d79d49dcb40a0f2276b6da41403c2fd4ecdeb611a604afe06d35c74f66231af78234367698c472b18b671f6e1685890d2508563
  languageName: node
  linkType: hard

"@aws-sdk/util-endpoints@npm:3.370.0":
  version: 3.370.0
  resolution: "@aws-sdk/util-endpoints@npm:3.370.0"
  dependencies:
    "@aws-sdk/types": "npm:3.370.0"
    tslib: "npm:^2.5.0"
  checksum: 10c0/210da785cadcaaa7f0d40a28ee80c805db5ab2aa828835ebe17e370a56974c62effb52a55156d50ef818bea0793981047746d82dbeb64d5322a7a03f49f541d1
  languageName: node
  linkType: hard

"@aws-sdk/util-locate-window@npm:^3.0.0":
  version: 3.310.0
  resolution: "@aws-sdk/util-locate-window@npm:3.310.0"
  dependencies:
    tslib: "npm:^2.5.0"
  checksum: 10c0/9f040d9cb01687317ac9f61d5c9e349aeb506deb114f6259d48949428695e5c4e40b36920091451f74e037b016a6534e43d5a5eb225e18fa45eedb998c87bd6f
  languageName: node
  linkType: hard

"@aws-sdk/util-user-agent-browser@npm:3.370.0":
  version: 3.370.0
  resolution: "@aws-sdk/util-user-agent-browser@npm:3.370.0"
  dependencies:
    "@aws-sdk/types": "npm:3.370.0"
    "@smithy/types": "npm:^1.1.0"
    bowser: "npm:^2.11.0"
    tslib: "npm:^2.5.0"
  checksum: 10c0/6c1575a59d32b1662b1429e338a94d3273ec21920521a61c0bcf91b167bcca4bc8dc48e6764eb5a28121ac941409934d7fb3f49bef7bb95919516f7fd2f7fe8e
  languageName: node
  linkType: hard

"@aws-sdk/util-user-agent-node@npm:3.370.0":
  version: 3.370.0
  resolution: "@aws-sdk/util-user-agent-node@npm:3.370.0"
  dependencies:
    "@aws-sdk/types": "npm:3.370.0"
    "@smithy/node-config-provider": "npm:^1.0.1"
    "@smithy/types": "npm:^1.1.0"
    tslib: "npm:^2.5.0"
  peerDependencies:
    aws-crt: ">=1.0.0"
  peerDependenciesMeta:
    aws-crt:
      optional: true
  checksum: 10c0/4b2cf42aa14134b96f50591435ce02c4c5f7146018d488a706641d98022f0943bab0aa72b9af1126843553c4986b4563bd91c2fadd65b57bbb9ee70cc7b5192c
  languageName: node
  linkType: hard

"@aws-sdk/util-utf8-browser@npm:^3.0.0":
  version: 3.259.0
  resolution: "@aws-sdk/util-utf8-browser@npm:3.259.0"
  dependencies:
    tslib: "npm:^2.3.1"
  checksum: 10c0/ff56ff252c0ea22b760b909ba5bbe9ca59a447066097e73b1e2ae50a6d366631ba560c373ec4e83b3e225d16238eeaf8def210fdbf135070b3dd3ceb1cc2ef9a
  languageName: node
  linkType: hard

"@aws-sdk/xml-builder@npm:3.310.0":
  version: 3.310.0
  resolution: "@aws-sdk/xml-builder@npm:3.310.0"
  dependencies:
    tslib: "npm:^2.5.0"
  checksum: 10c0/cb9a18c6331f92e2e92c5a1d4022bab13470424d55d991527ddc024a5cf4fab31074b352cea413ee7aed211f3202edd28039c32954200cf94e5b8bced012a486
  languageName: node
  linkType: hard

"@smithy/abort-controller@npm:^1.0.2":
  version: 1.0.2
  resolution: "@smithy/abort-controller@npm:1.0.2"
  dependencies:
    "@smithy/types": "npm:^1.1.1"
    tslib: "npm:^2.5.0"
  checksum: 10c0/d9de28625a0594f3b6c1248422bfb98ddb103da6594954d4287b204b3aabc56c0c3ba140115a52a3770f60b37c4452f927b9950186880112faabaf51c16d38ee
  languageName: node
  linkType: hard

"@smithy/chunked-blob-reader-native@npm:^1.0.2":
  version: 1.0.2
  resolution: "@smithy/chunked-blob-reader-native@npm:1.0.2"
  dependencies:
    "@smithy/util-base64": "npm:^1.0.2"
    tslib: "npm:^2.5.0"
  checksum: 10c0/ea80002c81c0ed65684d190b8a3cd43828552ebdbcba0e3b49c44670ced43fdbf94496533e9a8ce4b256036582f71911a60b446640fb4e91fe39169a5259e756
  languageName: node
  linkType: hard

"@smithy/chunked-blob-reader@npm:^1.0.2":
  version: 1.0.2
  resolution: "@smithy/chunked-blob-reader@npm:1.0.2"
  dependencies:
    tslib: "npm:^2.5.0"
  checksum: 10c0/33910a1e84a75f872e4fab455f38b9e198f8ac1cc64720fd978a142b66379a3bd9836a561b76f2aaa58d0992ac9f4a0b27064232076f8f928f006cfdcd6476e3
  languageName: node
  linkType: hard

"@smithy/config-resolver@npm:^1.0.1, @smithy/config-resolver@npm:^1.0.2":
  version: 1.0.2
  resolution: "@smithy/config-resolver@npm:1.0.2"
  dependencies:
    "@smithy/types": "npm:^1.1.1"
    "@smithy/util-config-provider": "npm:^1.0.2"
    "@smithy/util-middleware": "npm:^1.0.2"
    tslib: "npm:^2.5.0"
  checksum: 10c0/2c65d30c539d5c07df84d29031d8196cfd385d65bc07be71a85579fb8558499f43954033a6d8af4a158a4141b81ab59d866df2f60fa3380cf7b1d13ee88de19f
  languageName: node
  linkType: hard

"@smithy/credential-provider-imds@npm:^1.0.1, @smithy/credential-provider-imds@npm:^1.0.2":
  version: 1.0.2
  resolution: "@smithy/credential-provider-imds@npm:1.0.2"
  dependencies:
    "@smithy/node-config-provider": "npm:^1.0.2"
    "@smithy/property-provider": "npm:^1.0.2"
    "@smithy/types": "npm:^1.1.1"
    "@smithy/url-parser": "npm:^1.0.2"
    tslib: "npm:^2.5.0"
  checksum: 10c0/b4d31ce61c02f997bc09cc6c4c6c49ec75cc0f3477ee5d0f0b88a1806d3a6b2f97c3c5a9206f91eedc625b755673a7827b4be579b5e9c028ab43afb6e9725ed5
  languageName: node
  linkType: hard

"@smithy/eventstream-codec@npm:^1.0.2":
  version: 1.0.2
  resolution: "@smithy/eventstream-codec@npm:1.0.2"
  dependencies:
    "@aws-crypto/crc32": "npm:3.0.0"
    "@smithy/types": "npm:^1.1.1"
    "@smithy/util-hex-encoding": "npm:^1.0.2"
    tslib: "npm:^2.5.0"
  checksum: 10c0/8fbe9685e4697773d9b195f43779e23aeb1e851b514cfe6cf8c9ee8ef251fc91579ba6337db1466b57ad65575e064f59229c7701a7a16500f7c7e7c608e0ae2a
  languageName: node
  linkType: hard

"@smithy/eventstream-serde-browser@npm:^1.0.1":
  version: 1.0.2
  resolution: "@smithy/eventstream-serde-browser@npm:1.0.2"
  dependencies:
    "@smithy/eventstream-serde-universal": "npm:^1.0.2"
    "@smithy/types": "npm:^1.1.1"
    tslib: "npm:^2.5.0"
  checksum: 10c0/b17bc416434b65001c422a98c917f990c853acf6c25d1db1da3857931cd005e38a618ead079231e32d1e955e98551e869477f481361bd17708faf4261bad45e6
  languageName: node
  linkType: hard

"@smithy/eventstream-serde-config-resolver@npm:^1.0.1":
  version: 1.0.2
  resolution: "@smithy/eventstream-serde-config-resolver@npm:1.0.2"
  dependencies:
    "@smithy/types": "npm:^1.1.1"
    tslib: "npm:^2.5.0"
  checksum: 10c0/c9ee4cdcda89d04b6dd0442d9ab8797dc68e89b4ec5603d9a4ad76f0cc46afaf257969c6a239dfd5ee02ec6524c01ecefe0b6613f637e923f1307eee51644436
  languageName: node
  linkType: hard

"@smithy/eventstream-serde-node@npm:^1.0.1":
  version: 1.0.2
  resolution: "@smithy/eventstream-serde-node@npm:1.0.2"
  dependencies:
    "@smithy/eventstream-serde-universal": "npm:^1.0.2"
    "@smithy/types": "npm:^1.1.1"
    tslib: "npm:^2.5.0"
  checksum: 10c0/347ae3dfbf4a5c250f4c111c4bca867bdbc1da51a7326ee63da7b2a20fc7bc460ffad1e1a36fe27dea3b05bd60de5b615fffae5227fcf549a5d73e2953e181c6
  languageName: node
  linkType: hard

"@smithy/eventstream-serde-universal@npm:^1.0.2":
  version: 1.0.2
  resolution: "@smithy/eventstream-serde-universal@npm:1.0.2"
  dependencies:
    "@smithy/eventstream-codec": "npm:^1.0.2"
    "@smithy/types": "npm:^1.1.1"
    tslib: "npm:^2.5.0"
  checksum: 10c0/4882ec294632c8af3cce6daaf3c4ea1d4c12c8c8200580a692530315bcac4f8dd507412a14bf27b96fc1e957e5e62f6aec9599fb05f238d599f8b877bcc56e0c
  languageName: node
  linkType: hard

"@smithy/fetch-http-handler@npm:^1.0.1, @smithy/fetch-http-handler@npm:^1.0.2":
  version: 1.0.2
  resolution: "@smithy/fetch-http-handler@npm:1.0.2"
  dependencies:
    "@smithy/protocol-http": "npm:^1.1.1"
    "@smithy/querystring-builder": "npm:^1.0.2"
    "@smithy/types": "npm:^1.1.1"
    "@smithy/util-base64": "npm:^1.0.2"
    tslib: "npm:^2.5.0"
  checksum: 10c0/26a22f4d89f1848288ad4cc3c406ab44a66136d38b0f58a92044cb33d49f0921e3e4d1cf7d06217333d7821e81bb18b5717f59e5c4eccecd87298a51d16befa1
  languageName: node
  linkType: hard

"@smithy/hash-blob-browser@npm:^1.0.1":
  version: 1.0.2
  resolution: "@smithy/hash-blob-browser@npm:1.0.2"
  dependencies:
    "@smithy/chunked-blob-reader": "npm:^1.0.2"
    "@smithy/chunked-blob-reader-native": "npm:^1.0.2"
    "@smithy/types": "npm:^1.1.1"
    tslib: "npm:^2.5.0"
  checksum: 10c0/d787ab21ade534b9f28fd3773d5318b687cf71500314f8a09c8f92e2bacca0c55ec84b143c9da333848c5240fd53d84d37a6376c26e7d6bb43f6d3749364fd9e
  languageName: node
  linkType: hard

"@smithy/hash-node@npm:^1.0.1":
  version: 1.0.2
  resolution: "@smithy/hash-node@npm:1.0.2"
  dependencies:
    "@smithy/types": "npm:^1.1.1"
    "@smithy/util-buffer-from": "npm:^1.0.2"
    "@smithy/util-utf8": "npm:^1.0.2"
    tslib: "npm:^2.5.0"
  checksum: 10c0/811d5ab1a58fd49ab4e37ce365c2d4113e3e17be97f9c1af88ac3fc87ca1d9d2c888cf4cd0ef47c2c51094bf27b5b731eb1db4235959746cdac0ee89c4b731be
  languageName: node
  linkType: hard

"@smithy/hash-stream-node@npm:^1.0.1":
  version: 1.0.2
  resolution: "@smithy/hash-stream-node@npm:1.0.2"
  dependencies:
    "@smithy/types": "npm:^1.1.1"
    "@smithy/util-utf8": "npm:^1.0.2"
    tslib: "npm:^2.5.0"
  checksum: 10c0/28ed2a721f970ed4cf88c0cfadc16368031eb00c7a1017c2a550462ca27f1c30eb2ad47ff46002d553776c52d1c810609c2782c1aa9f541c78543f8fcfbf1f52
  languageName: node
  linkType: hard

"@smithy/invalid-dependency@npm:^1.0.1":
  version: 1.0.2
  resolution: "@smithy/invalid-dependency@npm:1.0.2"
  dependencies:
    "@smithy/types": "npm:^1.1.1"
    tslib: "npm:^2.5.0"
  checksum: 10c0/5e5f36bf00f72f984717ba7b32ce54da1a89a962a02b4d94d3ba5a03c9dabd4d424e438919fa87ac3f77f70ae1567e2b58c2228a02395a1c9209e74e6af7faa7
  languageName: node
  linkType: hard

"@smithy/is-array-buffer@npm:^1.0.1, @smithy/is-array-buffer@npm:^1.0.2":
  version: 1.0.2
  resolution: "@smithy/is-array-buffer@npm:1.0.2"
  dependencies:
    tslib: "npm:^2.5.0"
  checksum: 10c0/160a951a7ca1eab3fa49716dfc3348e68b0d3808026a629c8dfd142f41136699c19206948bf1c94cff90cbfdd735fabfa7abea01355c2e60f08ac1d742d63067
  languageName: node
  linkType: hard

"@smithy/md5-js@npm:^1.0.1":
  version: 1.0.2
  resolution: "@smithy/md5-js@npm:1.0.2"
  dependencies:
    "@smithy/types": "npm:^1.1.1"
    "@smithy/util-utf8": "npm:^1.0.2"
    tslib: "npm:^2.5.0"
  checksum: 10c0/041d4bd0115a4c7ed0491dcdc2946a2011c317b9c177598843a921d8ba5f06574ed1d00bb696f14b29d38e16ddae2702a8a7fe0863ac5b0540fb30c0828bd76e
  languageName: node
  linkType: hard

"@smithy/middleware-content-length@npm:^1.0.1":
  version: 1.0.2
  resolution: "@smithy/middleware-content-length@npm:1.0.2"
  dependencies:
    "@smithy/protocol-http": "npm:^1.1.1"
    "@smithy/types": "npm:^1.1.1"
    tslib: "npm:^2.5.0"
  checksum: 10c0/e97c0be993a4a6170e1d7a17681d5ee27f79b3fa1557567218a7ceeeaac769879fe2aee0fd34363cb9d934ab2890f62a8f23a730ec2bd82b6fc9a4a37fcb1a56
  languageName: node
  linkType: hard

"@smithy/middleware-endpoint@npm:^1.0.2":
  version: 1.0.3
  resolution: "@smithy/middleware-endpoint@npm:1.0.3"
  dependencies:
    "@smithy/middleware-serde": "npm:^1.0.2"
    "@smithy/types": "npm:^1.1.1"
    "@smithy/url-parser": "npm:^1.0.2"
    "@smithy/util-middleware": "npm:^1.0.2"
    tslib: "npm:^2.5.0"
  checksum: 10c0/8c4bc404ae8d26de12d17efe86adf1c61d2197c8f7f13ba3b7b7619cc514210789d1beeddbdd3a17252f9f3cb85959d0664f729d9deb9a499f3f5bb42a9f3082
  languageName: node
  linkType: hard

"@smithy/middleware-retry@npm:^1.0.3":
  version: 1.0.4
  resolution: "@smithy/middleware-retry@npm:1.0.4"
  dependencies:
    "@smithy/protocol-http": "npm:^1.1.1"
    "@smithy/service-error-classification": "npm:^1.0.3"
    "@smithy/types": "npm:^1.1.1"
    "@smithy/util-middleware": "npm:^1.0.2"
    "@smithy/util-retry": "npm:^1.0.4"
    tslib: "npm:^2.5.0"
    uuid: "npm:^8.3.2"
  checksum: 10c0/65e8897de34ade5d55656323457026ca6db10959cdc786ed00cbdb42d82252a74ff352c7b4c53d096415059f4652cfed9ea0b538c155f73cc272ca0b1e52842d
  languageName: node
  linkType: hard

"@smithy/middleware-serde@npm:^1.0.1, @smithy/middleware-serde@npm:^1.0.2":
  version: 1.0.2
  resolution: "@smithy/middleware-serde@npm:1.0.2"
  dependencies:
    "@smithy/types": "npm:^1.1.1"
    tslib: "npm:^2.5.0"
  checksum: 10c0/ac20a37bef84f2e740f85b9c8e2e5a32de0a305044a0dbef6e38304844b330c13e5b6589a9ac01c0564b70a5b60ec54485e12b58c398be41aa9829e47d8617f6
  languageName: node
  linkType: hard

"@smithy/middleware-stack@npm:^1.0.1, @smithy/middleware-stack@npm:^1.0.2":
  version: 1.0.2
  resolution: "@smithy/middleware-stack@npm:1.0.2"
  dependencies:
    tslib: "npm:^2.5.0"
  checksum: 10c0/63ff100483b04a60a009186cf1692a04220a67464e9c07aad69ac4dd26d44983be88288f6ce05b46b1369348e0d41c0ef462860b51151a87c087a94d469941bc
  languageName: node
  linkType: hard

"@smithy/node-config-provider@npm:^1.0.1, @smithy/node-config-provider@npm:^1.0.2":
  version: 1.0.2
  resolution: "@smithy/node-config-provider@npm:1.0.2"
  dependencies:
    "@smithy/property-provider": "npm:^1.0.2"
    "@smithy/shared-ini-file-loader": "npm:^1.0.2"
    "@smithy/types": "npm:^1.1.1"
    tslib: "npm:^2.5.0"
  checksum: 10c0/491fb670987dc6cbc0b97d18bb3e0932f2150a7f3b621aa88f9bd6b08c1504f07b9a556d846662b9df53b92c5b3d066a7a77c546f58a4d6e44ed45dd492c3ae2
  languageName: node
  linkType: hard

"@smithy/node-http-handler@npm:^1.0.2, @smithy/node-http-handler@npm:^1.0.3":
  version: 1.0.3
  resolution: "@smithy/node-http-handler@npm:1.0.3"
  dependencies:
    "@smithy/abort-controller": "npm:^1.0.2"
    "@smithy/protocol-http": "npm:^1.1.1"
    "@smithy/querystring-builder": "npm:^1.0.2"
    "@smithy/types": "npm:^1.1.1"
    tslib: "npm:^2.5.0"
  checksum: 10c0/32756ebebac71a37040075bed47e1b311a3705cc1ecef87adbdc45583fb9be65eef0b52b31b5a2a959cb5f2fc4017c932899083130b4e177fb1322a7f58340a3
  languageName: node
  linkType: hard

"@smithy/property-provider@npm:^1.0.1, @smithy/property-provider@npm:^1.0.2":
  version: 1.0.2
  resolution: "@smithy/property-provider@npm:1.0.2"
  dependencies:
    "@smithy/types": "npm:^1.1.1"
    tslib: "npm:^2.5.0"
  checksum: 10c0/349505f3d05c5fca01398b9c633b8ba93d2cdd109e10d5da41a491852d6c3ca1f29a3000f0e61ef45d3989ddd2ef5a09a1a39a780dce38269df18b36bd6173ed
  languageName: node
  linkType: hard

"@smithy/protocol-http@npm:^1.1.0, @smithy/protocol-http@npm:^1.1.1":
  version: 1.1.1
  resolution: "@smithy/protocol-http@npm:1.1.1"
  dependencies:
    "@smithy/types": "npm:^1.1.1"
    tslib: "npm:^2.5.0"
  checksum: 10c0/db4eecc2bf97cb0bc0c0334cf422b17639ff7c9e16a0b81f88574d1f120a54f9b83ac5022582cab25046ee3510c80f956d703c4a1adf3d641b5868d0c3ea1a93
  languageName: node
  linkType: hard

"@smithy/querystring-builder@npm:^1.0.2":
  version: 1.0.2
  resolution: "@smithy/querystring-builder@npm:1.0.2"
  dependencies:
    "@smithy/types": "npm:^1.1.1"
    "@smithy/util-uri-escape": "npm:^1.0.2"
    tslib: "npm:^2.5.0"
  checksum: 10c0/aeaa868eee345c0ac2d2d9975cd960ea9a42bde466ec5893457a508249073f95389e08489b986afa63aaca45804c794f8df03ac64bab310d0e7edb725980791e
  languageName: node
  linkType: hard

"@smithy/querystring-parser@npm:^1.0.2":
  version: 1.0.2
  resolution: "@smithy/querystring-parser@npm:1.0.2"
  dependencies:
    "@smithy/types": "npm:^1.1.1"
    tslib: "npm:^2.5.0"
  checksum: 10c0/d8d5dbd5818fc2f1c06136a538f195fe1748f05fe771fba0dc9d2b4d51359c7a931185828ea84fccd448744856d11b1f63a6aea2691e802286fb78aac7d2db15
  languageName: node
  linkType: hard

"@smithy/service-error-classification@npm:^1.0.3":
  version: 1.0.3
  resolution: "@smithy/service-error-classification@npm:1.0.3"
  checksum: 10c0/abed2b68d59c7180a9b01714ad48a693d5d8ddd9fc1e492296cd49ea05057b8b77a5d4b7e0bdba1e584d93e9b4ca52cb74485e0efb19c718797e4e3ee8ff2983
  languageName: node
  linkType: hard

"@smithy/shared-ini-file-loader@npm:^1.0.1, @smithy/shared-ini-file-loader@npm:^1.0.2":
  version: 1.0.2
  resolution: "@smithy/shared-ini-file-loader@npm:1.0.2"
  dependencies:
    "@smithy/types": "npm:^1.1.1"
    tslib: "npm:^2.5.0"
  checksum: 10c0/30bbc07873d8740f33fd01c1e49971909c21c30b83f00e06db768d446f0023c7294b8eb2b8766decfeefad564d9e2d46560b402064b1fce768cbe3c492d3389f
  languageName: node
  linkType: hard

"@smithy/signature-v4@npm:^1.0.1":
  version: 1.0.2
  resolution: "@smithy/signature-v4@npm:1.0.2"
  dependencies:
    "@smithy/eventstream-codec": "npm:^1.0.2"
    "@smithy/is-array-buffer": "npm:^1.0.2"
    "@smithy/types": "npm:^1.1.1"
    "@smithy/util-hex-encoding": "npm:^1.0.2"
    "@smithy/util-middleware": "npm:^1.0.2"
    "@smithy/util-uri-escape": "npm:^1.0.2"
    "@smithy/util-utf8": "npm:^1.0.2"
    tslib: "npm:^2.5.0"
  checksum: 10c0/5e35566c0390fcdf632a8ec331f33e6812b6d2621bb7249131c022f80007703db669bc6576f3b6958b5016a3315bf5ba7f8be98989462f3c4f8999b9a347afb3
  languageName: node
  linkType: hard

"@smithy/smithy-client@npm:^1.0.3":
  version: 1.0.4
  resolution: "@smithy/smithy-client@npm:1.0.4"
  dependencies:
    "@smithy/middleware-stack": "npm:^1.0.2"
    "@smithy/types": "npm:^1.1.1"
    "@smithy/util-stream": "npm:^1.0.2"
    tslib: "npm:^2.5.0"
  checksum: 10c0/5a39f69f08b3ec895dcce93691b4121b82557825f8829acdcba0465bfbe457e826dd30fba1b2c458cf520a96b9aaaa0f9ee5dba03e9bc2551d63ecff18e81226
  languageName: node
  linkType: hard

"@smithy/types@npm:^1.1.0, @smithy/types@npm:^1.1.1":
  version: 1.1.1
  resolution: "@smithy/types@npm:1.1.1"
  dependencies:
    tslib: "npm:^2.5.0"
  checksum: 10c0/01f61dd6a345d9e478b54acde8aa2e50baf3007e81e81a5e514024567c571df57c262e8e685801148e79b626cd517a5031ebe9a1de29ab1055e638e4cdf710a4
  languageName: node
  linkType: hard

"@smithy/url-parser@npm:^1.0.1, @smithy/url-parser@npm:^1.0.2":
  version: 1.0.2
  resolution: "@smithy/url-parser@npm:1.0.2"
  dependencies:
    "@smithy/querystring-parser": "npm:^1.0.2"
    "@smithy/types": "npm:^1.1.1"
    tslib: "npm:^2.5.0"
  checksum: 10c0/c64e7ff445df0c347ca8d583645eea0e3e815befd9ce5834bd6091627cc04801d5c3da545fdb0d234f23f60d355b0e50211e8b202f38800a26040ba8f2ff034c
  languageName: node
  linkType: hard

"@smithy/util-base64@npm:^1.0.1, @smithy/util-base64@npm:^1.0.2":
  version: 1.0.2
  resolution: "@smithy/util-base64@npm:1.0.2"
  dependencies:
    "@smithy/util-buffer-from": "npm:^1.0.2"
    tslib: "npm:^2.5.0"
  checksum: 10c0/7ca52cf940a48dae8ffc3d81735d9f404c075edb57fb0926a236920dc242671a175e49a953ee9ee7c069c422e0f66e7685e4fbcfbe45b43a754e40bbec5a10c5
  languageName: node
  linkType: hard

"@smithy/util-body-length-browser@npm:^1.0.1":
  version: 1.0.2
  resolution: "@smithy/util-body-length-browser@npm:1.0.2"
  dependencies:
    tslib: "npm:^2.5.0"
  checksum: 10c0/8bb940f235aea5ca08966cac44370d64fa660311e2df52a56dd2924f95b19e9e6147f83409787a94c83ee25d08c65057a082d6c4f7ba7576527083b6c21c483a
  languageName: node
  linkType: hard

"@smithy/util-body-length-node@npm:^1.0.1":
  version: 1.0.2
  resolution: "@smithy/util-body-length-node@npm:1.0.2"
  dependencies:
    tslib: "npm:^2.5.0"
  checksum: 10c0/b68143fa2f8db58021ad2a6b6f456b4603ef61d371eec3842e74113d0ef1cc19fba59e35e8c55848cf7063b2128aff1fde26497c7e45fc9591026a0831037335
  languageName: node
  linkType: hard

"@smithy/util-buffer-from@npm:^1.0.2":
  version: 1.0.2
  resolution: "@smithy/util-buffer-from@npm:1.0.2"
  dependencies:
    "@smithy/is-array-buffer": "npm:^1.0.2"
    tslib: "npm:^2.5.0"
  checksum: 10c0/3f1a40523d66374735e49a1ebe200bf1c94e57b55af43b1677896ab3e13f1cc5c46350d1dba22d1a4b549fe1c49f79ab1403e359c2ab492ecdca46baab2edae5
  languageName: node
  linkType: hard

"@smithy/util-config-provider@npm:^1.0.1, @smithy/util-config-provider@npm:^1.0.2":
  version: 1.0.2
  resolution: "@smithy/util-config-provider@npm:1.0.2"
  dependencies:
    tslib: "npm:^2.5.0"
  checksum: 10c0/be59cd4db1fd3edf6f84bb31c79fbfd535e87031b5adfe45d2d9cf01d9f2f4a21a5a49757923403b459aa42ae448f6834818409c3b8afc7317a80d31c314ec33
  languageName: node
  linkType: hard

"@smithy/util-defaults-mode-browser@npm:^1.0.1":
  version: 1.0.2
  resolution: "@smithy/util-defaults-mode-browser@npm:1.0.2"
  dependencies:
    "@smithy/property-provider": "npm:^1.0.2"
    "@smithy/types": "npm:^1.1.1"
    bowser: "npm:^2.11.0"
    tslib: "npm:^2.5.0"
  checksum: 10c0/cd909d9f998e9fae1cdf4e18433cb925003380ead5225bde7692229302c60865b2453271312a1d6a6ee62755bbc464e355be64ef26e08acacddf914f68116b94
  languageName: node
  linkType: hard

"@smithy/util-defaults-mode-node@npm:^1.0.1":
  version: 1.0.2
  resolution: "@smithy/util-defaults-mode-node@npm:1.0.2"
  dependencies:
    "@smithy/config-resolver": "npm:^1.0.2"
    "@smithy/credential-provider-imds": "npm:^1.0.2"
    "@smithy/node-config-provider": "npm:^1.0.2"
    "@smithy/property-provider": "npm:^1.0.2"
    "@smithy/types": "npm:^1.1.1"
    tslib: "npm:^2.5.0"
  checksum: 10c0/c574057093417ed9837cc65812bc1e3273d965595c6b69c874df2b9c771acadc6bd7191b1240aff37b6d58168c1c665a738aff5c98d03c409d1b57c552ef8869
  languageName: node
  linkType: hard

"@smithy/util-hex-encoding@npm:^1.0.2":
  version: 1.0.2
  resolution: "@smithy/util-hex-encoding@npm:1.0.2"
  dependencies:
    tslib: "npm:^2.5.0"
  checksum: 10c0/d8ca09dada52daaa18aa40cd477397b50668fd1a769de529051575185f3e0afae8190c13feb38fd9eaca4f0484f8ed23256de96918c6ee7ef7a23f36f107231d
  languageName: node
  linkType: hard

"@smithy/util-middleware@npm:^1.0.1, @smithy/util-middleware@npm:^1.0.2":
  version: 1.0.2
  resolution: "@smithy/util-middleware@npm:1.0.2"
  dependencies:
    tslib: "npm:^2.5.0"
  checksum: 10c0/ca49e56789cee206af0b86af99b8898dfba85490c99242afd8b5d175b9feef0441be30e1e6f592f70b7d5745d5152d2c6e41e617aec61929870356e4c1fc1162
  languageName: node
  linkType: hard

"@smithy/util-retry@npm:^1.0.3, @smithy/util-retry@npm:^1.0.4":
  version: 1.0.4
  resolution: "@smithy/util-retry@npm:1.0.4"
  dependencies:
    "@smithy/service-error-classification": "npm:^1.0.3"
    tslib: "npm:^2.5.0"
  checksum: 10c0/fd9ef8cf4a3cc1689aa4d0368e0cc6578e0fe64acc6d6ae613684e5a3ee560bbc5093d44e11b547955e3754b9b59e142602025d13a725c02e9562caa834303af
  languageName: node
  linkType: hard

"@smithy/util-stream@npm:^1.0.1, @smithy/util-stream@npm:^1.0.2":
  version: 1.0.2
  resolution: "@smithy/util-stream@npm:1.0.2"
  dependencies:
    "@smithy/fetch-http-handler": "npm:^1.0.2"
    "@smithy/node-http-handler": "npm:^1.0.3"
    "@smithy/types": "npm:^1.1.1"
    "@smithy/util-base64": "npm:^1.0.2"
    "@smithy/util-buffer-from": "npm:^1.0.2"
    "@smithy/util-hex-encoding": "npm:^1.0.2"
    "@smithy/util-utf8": "npm:^1.0.2"
    tslib: "npm:^2.5.0"
  checksum: 10c0/4018f47b9d06a499b7c78615e725aa23ec7c4ab84448d15df062681f8832604b6ab21814ac407d8faf86e3af27c7b5c7a46d5f2772ed58b3d5691abcad0e25a6
  languageName: node
  linkType: hard

"@smithy/util-uri-escape@npm:^1.0.2":
  version: 1.0.2
  resolution: "@smithy/util-uri-escape@npm:1.0.2"
  dependencies:
    tslib: "npm:^2.5.0"
  checksum: 10c0/30904c6247cc8c3c5e58ad70144df3af384b9d69709b3027782d91bb123d0ed14d0193f15096bd53eccab7adfea1011c6e555f2679c7112482bec47e57850e51
  languageName: node
  linkType: hard

"@smithy/util-utf8@npm:^1.0.1, @smithy/util-utf8@npm:^1.0.2":
  version: 1.0.2
  resolution: "@smithy/util-utf8@npm:1.0.2"
  dependencies:
    "@smithy/util-buffer-from": "npm:^1.0.2"
    tslib: "npm:^2.5.0"
  checksum: 10c0/69c46bd82aadfed3ea1756d1d5e24bfd7cc3ef337d48f5baee35740dd3e2b1e5f9ec1ae5ee7e7f5c63a7147f67557fb7ea2825c7fc558f67ffa982d044df2523
  languageName: node
  linkType: hard

"@smithy/util-waiter@npm:^1.0.1":
  version: 1.0.2
  resolution: "@smithy/util-waiter@npm:1.0.2"
  dependencies:
    "@smithy/abort-controller": "npm:^1.0.2"
    "@smithy/types": "npm:^1.1.1"
    tslib: "npm:^2.5.0"
  checksum: 10c0/fba7d8dc176343f0a9990c69f44937966bb3ec2b6b84fa6c552fb457ba2285e215740f30534d183dfc8b11c4105fd293b814d941a4fe7a7108458bcb296d0865
  languageName: node
  linkType: hard

"bowser@npm:^2.11.0":
  version: 2.11.0
  resolution: "bowser@npm:2.11.0"
  checksum: 10c0/04efeecc7927a9ec33c667fa0965dea19f4ac60b3fea60793c2e6cf06c1dcd2f7ae1dbc656f450c5f50783b1c75cf9dc173ba6f3b7db2feee01f8c4b793e1bd3
  languageName: node
  linkType: hard

"fast-xml-parser@npm:4.2.5":
  version: 4.2.5
  resolution: "fast-xml-parser@npm:4.2.5"
  dependencies:
    strnum: "npm:^1.0.5"
  bin:
    fxparser: src/cli/cli.js
  checksum: 10c0/f422349189b70660238eff9e48c57a0b9e5142f4c442bd79f50049847006341fe8dbcaac899c54e219034f63249fdba4512542ec54ef4dec24fcf9f54ad20d42
  languageName: node
  linkType: hard

"root-workspace-0b6124@workspace:.":
  version: 0.0.0-use.local
  resolution: "root-workspace-0b6124@workspace:."
  dependencies:
    "@aws-sdk/client-s3": "npm:*"
  languageName: unknown
  linkType: soft

"strnum@npm:^1.0.5":
  version: 1.0.5
  resolution: "strnum@npm:1.0.5"
  checksum: 10c0/64fb8cc2effbd585a6821faa73ad97d4b553c8927e49086a162ffd2cc818787643390b89d567460a8e74300148d11ac052e21c921ef2049f2987f4b1b89a7ff1
  languageName: node
  linkType: hard

"tslib@npm:^1.11.1":
  version: 1.14.1
  resolution: "tslib@npm:1.14.1"
  checksum: 10c0/69ae09c49eea644bc5ebe1bca4fa4cc2c82b7b3e02f43b84bd891504edf66dbc6b2ec0eef31a957042de2269139e4acff911e6d186a258fb14069cd7f6febce2
  languageName: node
  linkType: hard

"tslib@npm:^2.3.1, tslib@npm:^2.5.0":
  version: 2.6.0
  resolution: "tslib@npm:2.6.0"
  checksum: 10c0/8d18020a8b9e70ecc529a744c883c095f177805efdbc9786bd50bd82a46c17547923133c5444fbcaf1f7f1c44e0e29c89f73ecf6d8fd1039668024a073a81dc6
  languageName: node
  linkType: hard

"uuid@npm:^8.3.2":
  version: 8.3.2
  resolution: "uuid@npm:8.3.2"
  bin:
    uuid: dist/bin/uuid
  checksum: 10c0/bcbb807a917d374a49f475fae2e87fdca7da5e5530820ef53f65ba1d12131bd81a92ecf259cc7ce317cbe0f289e7d79fdfebcef9bfa3087c8c8a2fa304c9be54
  languageName: node
  linkType: hard
