# THIS IS AN AUTOGENERATED FILE. DO NOT EDIT THIS FILE DIRECTLY.
# yarn lockfile v1


"@aws-crypto/ie11-detection@^1.0.0":
  version "1.0.0"
  resolved "https://registry.yarnpkg.com/@aws-crypto/ie11-detection/-/ie11-detection-1.0.0.tgz#d3a6af29ba7f15458f79c41d1cd8cac3925e726a"
  integrity sha512-kCKVhCF1oDxFYgQrxXmIrS5oaWulkvRcPz+QBDMsUr2crbF4VGgGT6+uQhSwJFdUAQ2A//Vq+uT83eJrkzFgXA==
  dependencies:
    tslib "^1.11.1"

"@aws-crypto/sha256-browser@^1.0.0":
  version "1.1.0"
  resolved "https://registry.yarnpkg.com/@aws-crypto/sha256-browser/-/sha256-browser-1.1.0.tgz#20092cc6c08d8f04db0ed57b6f05cff150384f77"
  integrity sha512-VIpuLRDonMAHgomrsm/zKbeXTnxpr4aHDQmS4pF+NcpvBp64l675yjGA9hyUYs/QJwBjUl8WqMjh9tIRgi85Sg==
  dependencies:
    "@aws-crypto/ie11-detection" "^1.0.0"
    "@aws-crypto/sha256-js" "^1.1.0"
    "@aws-crypto/supports-web-crypto" "^1.0.0"
    "@aws-sdk/types" "^3.1.0"
    "@aws-sdk/util-locate-window" "^3.0.0"
    "@aws-sdk/util-utf8-browser" "^3.0.0"
    tslib "^1.11.1"

"@aws-crypto/sha256-js@^1.0.0", "@aws-crypto/sha256-js@^1.1.0":
  version "1.1.0"
  resolved "https://registry.yarnpkg.com/@aws-crypto/sha256-js/-/sha256-js-1.1.0.tgz#a58386ad18186e392e0f1d98d18831261d27b071"
  integrity sha512-VIhuqbPgXDVr8sZe2yhgQcDRRmzf4CI8fmC1A3bHiRfE6wlz1d8KpeemqbuoEHotz/Dch9yOxlshyQDNjNFeHA==
  dependencies:
    "@aws-sdk/types" "^3.1.0"
    "@aws-sdk/util-utf8-browser" "^3.0.0"
    tslib "^1.11.1"

"@aws-crypto/supports-web-crypto@^1.0.0":
  version "1.0.0"
  resolved "https://registry.yarnpkg.com/@aws-crypto/supports-web-crypto/-/supports-web-crypto-1.0.0.tgz#c40901bc17ac1e875e248df16a2b47ad8bfd9a93"
  integrity sha512-IHLfv+WmVH89EW4n6a5eE8/hUlz6qkWGMn/v4r5ZgzcXdTC5nolii2z3k46y01hWRiC2PPhOdeSLzMUCUMco7g==
  dependencies:
    tslib "^1.11.1"

"@aws-sdk/abort-controller@3.18.0":
  version "3.18.0"
  resolved "https://registry.yarnpkg.com/@aws-sdk/abort-controller/-/abort-controller-3.18.0.tgz#ff39bf1e07c7ae7790c26f93517a08fa3c27dd10"
  integrity sha512-AxDm2QLq2Z+PjzMESB+lPD5XL73MzC4CtUAajPn09ocWj7p9poVN0dd8NVFhBDfQMVPWTQaQBZk7h5TDvZrsBg==
  dependencies:
    "@aws-sdk/types" "3.18.0"
    tslib "^2.0.0"

"@aws-sdk/client-cognito-identity@3.18.0":
  version "3.18.0"
  resolved "https://registry.yarnpkg.com/@aws-sdk/client-cognito-identity/-/client-cognito-identity-3.18.0.tgz#c97f89c44e10a91f4148d2551dcda8f33f779694"
  integrity sha512-SdW0iSC128P+7c4YK+EaSLmMp9FmcGCqj0Gvpca8Z/k+fCzH9X8dXM+CXf2FTA+4Ugulusr5XHtXEKBLK/m48Q==
  dependencies:
    "@aws-crypto/sha256-browser" "^1.0.0"
    "@aws-crypto/sha256-js" "^1.0.0"
    "@aws-sdk/client-sts" "3.18.0"
    "@aws-sdk/config-resolver" "3.18.0"
    "@aws-sdk/credential-provider-node" "3.18.0"
    "@aws-sdk/fetch-http-handler" "3.18.0"
    "@aws-sdk/hash-node" "3.18.0"
    "@aws-sdk/invalid-dependency" "3.18.0"
    "@aws-sdk/middleware-content-length" "3.18.0"
    "@aws-sdk/middleware-host-header" "3.18.0"
    "@aws-sdk/middleware-logger" "3.18.0"
    "@aws-sdk/middleware-retry" "3.18.0"
    "@aws-sdk/middleware-serde" "3.18.0"
    "@aws-sdk/middleware-signing" "3.18.0"
    "@aws-sdk/middleware-stack" "3.18.0"
    "@aws-sdk/middleware-user-agent" "3.18.0"
    "@aws-sdk/node-config-provider" "3.18.0"
    "@aws-sdk/node-http-handler" "3.18.0"
    "@aws-sdk/protocol-http" "3.18.0"
    "@aws-sdk/smithy-client" "3.18.0"
    "@aws-sdk/types" "3.18.0"
    "@aws-sdk/url-parser" "3.18.0"
    "@aws-sdk/util-base64-browser" "3.18.0"
    "@aws-sdk/util-base64-node" "3.18.0"
    "@aws-sdk/util-body-length-browser" "3.18.0"
    "@aws-sdk/util-body-length-node" "3.18.0"
    "@aws-sdk/util-user-agent-browser" "3.18.0"
    "@aws-sdk/util-user-agent-node" "3.18.0"
    "@aws-sdk/util-utf8-browser" "3.18.0"
    "@aws-sdk/util-utf8-node" "3.18.0"
    tslib "^2.0.0"

"@aws-sdk/client-sso@3.18.0":
  version "3.18.0"
  resolved "https://registry.yarnpkg.com/@aws-sdk/client-sso/-/client-sso-3.18.0.tgz#c3ce974fc6786cd2ff3ac9f14dafe5d28633aea9"
  integrity sha512-OAS2R13NJ/mNnKxBc//Nva/+BmqaZZrzJ3pHsfGNUvzYE6rNj5iWHACD8LIV/Glf5Z3H52fbwfmYpwkMuvPuXQ==
  dependencies:
    "@aws-crypto/sha256-browser" "^1.0.0"
    "@aws-crypto/sha256-js" "^1.0.0"
    "@aws-sdk/config-resolver" "3.18.0"
    "@aws-sdk/fetch-http-handler" "3.18.0"
    "@aws-sdk/hash-node" "3.18.0"
    "@aws-sdk/invalid-dependency" "3.18.0"
    "@aws-sdk/middleware-content-length" "3.18.0"
    "@aws-sdk/middleware-host-header" "3.18.0"
    "@aws-sdk/middleware-logger" "3.18.0"
    "@aws-sdk/middleware-retry" "3.18.0"
    "@aws-sdk/middleware-serde" "3.18.0"
    "@aws-sdk/middleware-stack" "3.18.0"
    "@aws-sdk/middleware-user-agent" "3.18.0"
    "@aws-sdk/node-config-provider" "3.18.0"
    "@aws-sdk/node-http-handler" "3.18.0"
    "@aws-sdk/protocol-http" "3.18.0"
    "@aws-sdk/smithy-client" "3.18.0"
    "@aws-sdk/types" "3.18.0"
    "@aws-sdk/url-parser" "3.18.0"
    "@aws-sdk/util-base64-browser" "3.18.0"
    "@aws-sdk/util-base64-node" "3.18.0"
    "@aws-sdk/util-body-length-browser" "3.18.0"
    "@aws-sdk/util-body-length-node" "3.18.0"
    "@aws-sdk/util-user-agent-browser" "3.18.0"
    "@aws-sdk/util-user-agent-node" "3.18.0"
    "@aws-sdk/util-utf8-browser" "3.18.0"
    "@aws-sdk/util-utf8-node" "3.18.0"
    tslib "^2.0.0"

"@aws-sdk/client-sts@3.18.0":
  version "3.18.0"
  resolved "https://registry.yarnpkg.com/@aws-sdk/client-sts/-/client-sts-3.18.0.tgz#0add98614ed0233855b067c5e8b5905ae272808b"
  integrity sha512-xRaBx3A4Edd216ZSZP4360siOx7yGiPY2Ez/w4JbdcwFRjoen8cP9kTgbipgMhbwHVUvgNZpyDrCp0eRHL24bg==
  dependencies:
    "@aws-crypto/sha256-browser" "^1.0.0"
    "@aws-crypto/sha256-js" "^1.0.0"
    "@aws-sdk/config-resolver" "3.18.0"
    "@aws-sdk/credential-provider-node" "3.18.0"
    "@aws-sdk/fetch-http-handler" "3.18.0"
    "@aws-sdk/hash-node" "3.18.0"
    "@aws-sdk/invalid-dependency" "3.18.0"
    "@aws-sdk/middleware-content-length" "3.18.0"
    "@aws-sdk/middleware-host-header" "3.18.0"
    "@aws-sdk/middleware-logger" "3.18.0"
    "@aws-sdk/middleware-retry" "3.18.0"
    "@aws-sdk/middleware-sdk-sts" "3.18.0"
    "@aws-sdk/middleware-serde" "3.18.0"
    "@aws-sdk/middleware-signing" "3.18.0"
    "@aws-sdk/middleware-stack" "3.18.0"
    "@aws-sdk/middleware-user-agent" "3.18.0"
    "@aws-sdk/node-config-provider" "3.18.0"
    "@aws-sdk/node-http-handler" "3.18.0"
    "@aws-sdk/protocol-http" "3.18.0"
    "@aws-sdk/smithy-client" "3.18.0"
    "@aws-sdk/types" "3.18.0"
    "@aws-sdk/url-parser" "3.18.0"
    "@aws-sdk/util-base64-browser" "3.18.0"
    "@aws-sdk/util-base64-node" "3.18.0"
    "@aws-sdk/util-body-length-browser" "3.18.0"
    "@aws-sdk/util-body-length-node" "3.18.0"
    "@aws-sdk/util-user-agent-browser" "3.18.0"
    "@aws-sdk/util-user-agent-node" "3.18.0"
    "@aws-sdk/util-utf8-browser" "3.18.0"
    "@aws-sdk/util-utf8-node" "3.18.0"
    entities "2.2.0"
    fast-xml-parser "3.19.0"
    tslib "^2.0.0"

"@aws-sdk/config-resolver@3.18.0":
  version "3.18.0"
  resolved "https://registry.yarnpkg.com/@aws-sdk/config-resolver/-/config-resolver-3.18.0.tgz#39ce169776ccb96d9809df8a262c545e1318c342"
  integrity sha512-2uSa/YccHckyYuY0OLDemgb+Jprif/NP+6OW+4eAjkwMGpZ3TtyGXoAZprBHqDXV12QxOYWjL6X6pyHvvsBAsQ==
  dependencies:
    "@aws-sdk/signature-v4" "3.18.0"
    "@aws-sdk/types" "3.18.0"
    tslib "^2.0.0"

"@aws-sdk/credential-provider-cognito-identity@^3.18.0":
  version "3.18.0"
  resolved "https://registry.yarnpkg.com/@aws-sdk/credential-provider-cognito-identity/-/credential-provider-cognito-identity-3.18.0.tgz#f77da5be7e9e49bfd6149dbf63ce39df52ed32c9"
  integrity sha512-l2euT228EGjP8RGpVFjK8JIXnUbcSNrLWKH7DpaajKTR6uwT2djRbFyc88+42dbOa3D0j59VfXEngN5XBNfYUg==
  dependencies:
    "@aws-sdk/client-cognito-identity" "3.18.0"
    "@aws-sdk/property-provider" "3.18.0"
    "@aws-sdk/types" "3.18.0"
    tslib "^2.0.0"

"@aws-sdk/credential-provider-env@3.18.0":
  version "3.18.0"
  resolved "https://registry.yarnpkg.com/@aws-sdk/credential-provider-env/-/credential-provider-env-3.18.0.tgz#1a9be36a06fb4dc131e4e9ba63d8f4c85320a729"
  integrity sha512-+PajLjjpXib9rseqC/r8hnlgq5mOloIaTLYZsdbEC9Afwo5VmYlemL5gAfH+ABxYeanbTvHaP7lUNS3pLrM7dA==
  dependencies:
    "@aws-sdk/property-provider" "3.18.0"
    "@aws-sdk/types" "3.18.0"
    tslib "^2.0.0"

"@aws-sdk/credential-provider-imds@3.18.0":
  version "3.18.0"
  resolved "https://registry.yarnpkg.com/@aws-sdk/credential-provider-imds/-/credential-provider-imds-3.18.0.tgz#6876189a2b04d8f9430c667d4a6f606c61044152"
  integrity sha512-l/yDGjmZkkO0mSqatk7lOHKE6/EGplD5HHgAEY6pr5Y7C5a6ck7/mU7iNtmfq5HAv/YFsXHrewMGyXoE9iQBpg==
  dependencies:
    "@aws-sdk/property-provider" "3.18.0"
    "@aws-sdk/types" "3.18.0"
    tslib "^2.0.0"

"@aws-sdk/credential-provider-ini@3.18.0":
  version "3.18.0"
  resolved "https://registry.yarnpkg.com/@aws-sdk/credential-provider-ini/-/credential-provider-ini-3.18.0.tgz#1c3a4002473fb432a173569623cc535ce38e648c"
  integrity sha512-Hsef5NC4hPh4BDlin/Eik9S2icFZIvQjPGVL2z3OO30Xer0GHwIQNMAf0WTREQ+cCuXFrIyCwSsdxIo1n2yQnA==
  dependencies:
    "@aws-sdk/credential-provider-env" "3.18.0"
    "@aws-sdk/credential-provider-imds" "3.18.0"
    "@aws-sdk/credential-provider-web-identity" "3.18.0"
    "@aws-sdk/property-provider" "3.18.0"
    "@aws-sdk/shared-ini-file-loader" "3.18.0"
    "@aws-sdk/types" "3.18.0"
    tslib "^2.0.0"

"@aws-sdk/credential-provider-node@3.18.0":
  version "3.18.0"
  resolved "https://registry.yarnpkg.com/@aws-sdk/credential-provider-node/-/credential-provider-node-3.18.0.tgz#60f5e0a19e7bd689d35ced18e21a8cbd5dba5acc"
  integrity sha512-iFwBl6w7mJAFo4YNVL960bkY6c4bUtABtbI+Wka8QbauGTGfAPMlET0JBesPNRAjkB7xzEtujPQL7pz4qlzeNQ==
  dependencies:
    "@aws-sdk/credential-provider-env" "3.18.0"
    "@aws-sdk/credential-provider-imds" "3.18.0"
    "@aws-sdk/credential-provider-ini" "3.18.0"
    "@aws-sdk/credential-provider-process" "3.18.0"
    "@aws-sdk/credential-provider-sso" "3.18.0"
    "@aws-sdk/credential-provider-web-identity" "3.18.0"
    "@aws-sdk/property-provider" "3.18.0"
    "@aws-sdk/shared-ini-file-loader" "3.18.0"
    "@aws-sdk/types" "3.18.0"
    tslib "^2.0.0"

"@aws-sdk/credential-provider-process@3.18.0":
  version "3.18.0"
  resolved "https://registry.yarnpkg.com/@aws-sdk/credential-provider-process/-/credential-provider-process-3.18.0.tgz#9fb5b69b8c0d04ac03c4c4e29aed0778c55908da"
  integrity sha512-0KwouUPsAALTqAlzy7HOddujjka3FmlNLe58bPPUk+2nqgg1qKGaNEtDTGCpusIaqLJm7ZbPJ0cJ8B+q/ytuwg==
  dependencies:
    "@aws-sdk/credential-provider-ini" "3.18.0"
    "@aws-sdk/property-provider" "3.18.0"
    "@aws-sdk/shared-ini-file-loader" "3.18.0"
    "@aws-sdk/types" "3.18.0"
    tslib "^2.0.0"

"@aws-sdk/credential-provider-sso@3.18.0":
  version "3.18.0"
  resolved "https://registry.yarnpkg.com/@aws-sdk/credential-provider-sso/-/credential-provider-sso-3.18.0.tgz#86c00cacf638fa110000d2f6b15013c81fb16cb4"
  integrity sha512-EEHnWb/tFvFb9+a7dfChBdHmOZnqZeAbn6TOgc4LME4No9EG3XvkH48wxS0Mdhi9ziEGEdnNLQSVaIFzprWn8w==
  dependencies:
    "@aws-sdk/client-sso" "3.18.0"
    "@aws-sdk/credential-provider-ini" "3.18.0"
    "@aws-sdk/property-provider" "3.18.0"
    "@aws-sdk/shared-ini-file-loader" "3.18.0"
    "@aws-sdk/types" "3.18.0"
    tslib "^2.0.0"

"@aws-sdk/credential-provider-web-identity@3.18.0":
  version "3.18.0"
  resolved "https://registry.yarnpkg.com/@aws-sdk/credential-provider-web-identity/-/credential-provider-web-identity-3.18.0.tgz#9730dc9a5e8575dd634fecd41413611dc75426da"
  integrity sha512-s+F9hE5f2hcrVluEWpDMCSAWUntNQyzJexQKq5KYdJuHsm+oQbACJwWPcB63rbmpzWQht88tU6+YeMRq8P9HIA==
  dependencies:
    "@aws-sdk/property-provider" "3.18.0"
    "@aws-sdk/types" "3.18.0"
    tslib "^2.0.0"

"@aws-sdk/fetch-http-handler@3.18.0":
  version "3.18.0"
  resolved "https://registry.yarnpkg.com/@aws-sdk/fetch-http-handler/-/fetch-http-handler-3.18.0.tgz#8614c8e99e7c4f80f07445a3ce962283672bdcef"
  integrity sha512-jJS34wJzv+5wumVpQ7fGOmTxkJlu1tmGkbCt13xuSjYpt2M/by+WAShxcxEhrsBJlMNMHTHF+v2Tew6JwEP00w==
  dependencies:
    "@aws-sdk/protocol-http" "3.18.0"
    "@aws-sdk/querystring-builder" "3.18.0"
    "@aws-sdk/types" "3.18.0"
    "@aws-sdk/util-base64-browser" "3.18.0"
    tslib "^2.0.0"

"@aws-sdk/hash-node@3.18.0":
  version "3.18.0"
  resolved "https://registry.yarnpkg.com/@aws-sdk/hash-node/-/hash-node-3.18.0.tgz#6e7c8b7defb707315fe89d65ba33d484066c9543"
  integrity sha512-rmjpJl4oG4JxHydnb9F3GzHu5wDJAQswgnBV0NszHfDndJm34f0Dta6OTmreK5nZ8ns/g6ZAjLjiTuKJoxjVmg==
  dependencies:
    "@aws-sdk/types" "3.18.0"
    "@aws-sdk/util-buffer-from" "3.18.0"
    tslib "^2.0.0"

"@aws-sdk/invalid-dependency@3.18.0":
  version "3.18.0"
  resolved "https://registry.yarnpkg.com/@aws-sdk/invalid-dependency/-/invalid-dependency-3.18.0.tgz#8edf6c9ebdcb5932fe3a81868bd78daf305f8649"
  integrity sha512-+VlXE8G22+H7d6K0EafpmihodOiF8I957J/euWIAGTSYYhLuAXPgCyPoKk1Qmxqfb3oAoG/cuoehCuPfFWwTPA==
  dependencies:
    "@aws-sdk/types" "3.18.0"
    tslib "^2.0.0"

"@aws-sdk/is-array-buffer@3.18.0":
  version "3.18.0"
  resolved "https://registry.yarnpkg.com/@aws-sdk/is-array-buffer/-/is-array-buffer-3.18.0.tgz#ad505580d4a7bcaba60f084553c11b8329ddb2b7"
  integrity sha512-HvPRgESVQt0UbzRQZVKhf8SpGGc5Jrln3AtTzkVu6PBHO04Dh2EHsrsxiu7X3oB453Mnp8+LYBVIgsmM/RyJzA==
  dependencies:
    tslib "^2.0.0"

"@aws-sdk/middleware-content-length@3.18.0":
  version "3.18.0"
  resolved "https://registry.yarnpkg.com/@aws-sdk/middleware-content-length/-/middleware-content-length-3.18.0.tgz#3da77642f082bab1864926c3bc903f87e9187cd5"
  integrity sha512-N1qTzkn+vNjMXBRybW9/S9WtCFiJp2B8agr+41zja4hnZVA07kClvI76jM6KUwQHADB2q79FWT+i6PeyCHHh1Q==
  dependencies:
    "@aws-sdk/protocol-http" "3.18.0"
    "@aws-sdk/types" "3.18.0"
    tslib "^2.0.0"

"@aws-sdk/middleware-host-header@3.18.0":
  version "3.18.0"
  resolved "https://registry.yarnpkg.com/@aws-sdk/middleware-host-header/-/middleware-host-header-3.18.0.tgz#527bed316636ec42aea113458fcd0358269f9db9"
  integrity sha512-MPX9GJk3Wl3OjRJ3ti+ptkG+7dTpXGtEjIPF0MsCSlfTKH01lsNGDpSZpeUyhYFrvl3fXoMrPeJHUuFeXA3bIA==
  dependencies:
    "@aws-sdk/protocol-http" "3.18.0"
    "@aws-sdk/types" "3.18.0"
    tslib "^2.0.0"

"@aws-sdk/middleware-logger@3.18.0":
  version "3.18.0"
  resolved "https://registry.yarnpkg.com/@aws-sdk/middleware-logger/-/middleware-logger-3.18.0.tgz#00addf99fcc41879fb4cd9521630931dbcf8deff"
  integrity sha512-GGiT4w8R7GOvlp4Q1w8JmBaBSsxNUL+ebEcs8ahJBrm9brYZG7tN8ncLXfF7d3oLd5XMoSbBkTn8+dQ973pkEQ==
  dependencies:
    "@aws-sdk/types" "3.18.0"
    tslib "^2.0.0"

"@aws-sdk/middleware-retry@3.18.0":
  version "3.18.0"
  resolved "https://registry.yarnpkg.com/@aws-sdk/middleware-retry/-/middleware-retry-3.18.0.tgz#61b5fd249bdd0c945ed04912030f098514a1bc7b"
  integrity sha512-PIvbtN05IftmbLACEdV6atNXJVuXNDkK5pcqKgggCteIKHz0QWnLUrgvi9wh2/HqDJD/XpY+ZmOEoZqUnwYSgg==
  dependencies:
    "@aws-sdk/protocol-http" "3.18.0"
    "@aws-sdk/service-error-classification" "3.18.0"
    "@aws-sdk/types" "3.18.0"
    tslib "^2.0.0"
    uuid "^8.3.2"

"@aws-sdk/middleware-sdk-sts@3.18.0":
  version "3.18.0"
  resolved "https://registry.yarnpkg.com/@aws-sdk/middleware-sdk-sts/-/middleware-sdk-sts-3.18.0.tgz#e26f0f335553e3e1956a3b190080d9f82377b5f9"
  integrity sha512-FVowN386wlLBt7ND5ALbkgJl65ynzxYNBH351mcD2/VwgCx3PZqZSr8sLoVDyuB+X2n9/GAI+r3W++zQ8YOymQ==
  dependencies:
    "@aws-sdk/middleware-signing" "3.18.0"
    "@aws-sdk/property-provider" "3.18.0"
    "@aws-sdk/protocol-http" "3.18.0"
    "@aws-sdk/signature-v4" "3.18.0"
    "@aws-sdk/types" "3.18.0"
    tslib "^2.0.0"

"@aws-sdk/middleware-serde@3.18.0":
  version "3.18.0"
  resolved "https://registry.yarnpkg.com/@aws-sdk/middleware-serde/-/middleware-serde-3.18.0.tgz#583687b7b7f278ecbb18a5f273399ceef7921bf8"
  integrity sha512-46PtAvnGONN/v5OcNE4/3UywadCJunITwXDK/AGs6SMijkOPtoGMjP7fme9XlB6wg4QTSfeF3eKsieOF47RlPg==
  dependencies:
    "@aws-sdk/types" "3.18.0"
    tslib "^2.0.0"

"@aws-sdk/middleware-signing@3.18.0":
  version "3.18.0"
  resolved "https://registry.yarnpkg.com/@aws-sdk/middleware-signing/-/middleware-signing-3.18.0.tgz#6dc6b27d09e18b5b792acef0a856f13b1f76e8c9"
  integrity sha512-0DCwl1Hp66XVG3UUIvBhf7zy8pmeHFATInqRMF91Ch4mYJJdk/U0xLla+ouA2t6SjBkl2tb1bJLgjwkWnvR5Rg==
  dependencies:
    "@aws-sdk/property-provider" "3.18.0"
    "@aws-sdk/protocol-http" "3.18.0"
    "@aws-sdk/signature-v4" "3.18.0"
    "@aws-sdk/types" "3.18.0"
    tslib "^2.0.0"

"@aws-sdk/middleware-stack@3.18.0":
  version "3.18.0"
  resolved "https://registry.yarnpkg.com/@aws-sdk/middleware-stack/-/middleware-stack-3.18.0.tgz#e3977d0dce6690e83d281e4ae4313b7ee8547aea"
  integrity sha512-+FDsKMRq3Gsd6ddVt1P+7ltSiRRcEj6KpRccMHkFkFqWWqn9OcPh+Et076ivSBXCW8q9Ib4qJi04hiCD/md2EQ==
  dependencies:
    tslib "^2.0.0"

"@aws-sdk/middleware-user-agent@3.18.0":
  version "3.18.0"
  resolved "https://registry.yarnpkg.com/@aws-sdk/middleware-user-agent/-/middleware-user-agent-3.18.0.tgz#0319b51faa04fcc187f852538e5d99709e4f465f"
  integrity sha512-BGm+buvq0wHtIylYGmyLhuRUvb2MsKx2mBhEx9m5Vs4M8I8GnTgrWtblOzwqZ+Q7dl+GQCL0/tLYTw50BTeLGQ==
  dependencies:
    "@aws-sdk/protocol-http" "3.18.0"
    "@aws-sdk/types" "3.18.0"
    tslib "^2.0.0"

"@aws-sdk/node-config-provider@3.18.0":
  version "3.18.0"
  resolved "https://registry.yarnpkg.com/@aws-sdk/node-config-provider/-/node-config-provider-3.18.0.tgz#4dc346592f81084d09cd81c4e6a26cf9bcd2b083"
  integrity sha512-U+qqNIWivZK9bd1BJMwRyXcTHZAS9r4sgPMrjFyOutdLxBCrhU7QUUr0hFaHdrsVA7cU+D3bBhFxq6JxGmj8Hg==
  dependencies:
    "@aws-sdk/property-provider" "3.18.0"
    "@aws-sdk/shared-ini-file-loader" "3.18.0"
    "@aws-sdk/types" "3.18.0"
    tslib "^2.0.0"

"@aws-sdk/node-http-handler@3.18.0":
  version "3.18.0"
  resolved "https://registry.yarnpkg.com/@aws-sdk/node-http-handler/-/node-http-handler-3.18.0.tgz#9771340d008d83f245e0cb222d5bb31128805c74"
  integrity sha512-87ZxGlq3dnlPjAIN0yhawiF+n3oQQihxYaSeysltsuz13X/beYTDyGTEBZXWKwB06O/XHbfBV6iYUR7XgMP20w==
  dependencies:
    "@aws-sdk/abort-controller" "3.18.0"
    "@aws-sdk/protocol-http" "3.18.0"
    "@aws-sdk/querystring-builder" "3.18.0"
    "@aws-sdk/types" "3.18.0"
    tslib "^2.0.0"

"@aws-sdk/property-provider@3.18.0":
  version "3.18.0"
  resolved "https://registry.yarnpkg.com/@aws-sdk/property-provider/-/property-provider-3.18.0.tgz#7ab800603e12c4baad4492729cc072df7976cd0d"
  integrity sha512-e7ADhSv8zAePAJLdXT0QItFPnA2ewOCDrD130E0NYA90AnW3xIyLB+J5HbwTWYUcF9Fbo0xSKh+0y8hBjNsT/w==
  dependencies:
    "@aws-sdk/types" "3.18.0"
    tslib "^2.0.0"

"@aws-sdk/protocol-http@3.18.0":
  version "3.18.0"
  resolved "https://registry.yarnpkg.com/@aws-sdk/protocol-http/-/protocol-http-3.18.0.tgz#fc6448505b5b2b95afde71e33df5887371152a74"
  integrity sha512-GIKvZBEnm87/mRaVYHnsQDYBSvU6qyKjyVdHDpQHhF+MZ+MKafygmpdBjsrRRstWr7h5WepnUVImYgvmaW6vyw==
  dependencies:
    "@aws-sdk/types" "3.18.0"
    tslib "^2.0.0"

"@aws-sdk/querystring-builder@3.18.0":
  version "3.18.0"
  resolved "https://registry.yarnpkg.com/@aws-sdk/querystring-builder/-/querystring-builder-3.18.0.tgz#e49393e318072f70ea66e951a4db9795879bc43b"
  integrity sha512-1DrzflLp80RG674XfhZsl4jehIe0mdSPqXqMH6vOMDcmF/lLEsfwPs307G+Go3kwWXSUup52bcMmfi8Ef4xLBg==
  dependencies:
    "@aws-sdk/types" "3.18.0"
    "@aws-sdk/util-uri-escape" "3.18.0"
    tslib "^2.0.0"

"@aws-sdk/querystring-parser@3.18.0":
  version "3.18.0"
  resolved "https://registry.yarnpkg.com/@aws-sdk/querystring-parser/-/querystring-parser-3.18.0.tgz#4210f462cfd5a3f79ef02f0a13a8406d7786b745"
  integrity sha512-7pkgPCeTtsgcgBwYSK2QN9Kij88Adi4bKMBxCqpanloTng2KrZ3DfyyD7c0H70mt21Zqfwr2M1HrPSs1SZKBkw==
  dependencies:
    "@aws-sdk/types" "3.18.0"
    tslib "^2.0.0"

"@aws-sdk/service-error-classification@3.18.0":
  version "3.18.0"
  resolved "https://registry.yarnpkg.com/@aws-sdk/service-error-classification/-/service-error-classification-3.18.0.tgz#5e8a9609a6fcd64f1f3f0e71b8a0bbd3bed9b21c"
  integrity sha512-bgKy3fl1sIimpXUKqN9Mmb6tRtdtFQDYd/eX0LISSbdtJiVnMgiTxwTPEX72pN54L8zun3zU6xOuwoZP1Af6YA==

"@aws-sdk/shared-ini-file-loader@3.18.0":
  version "3.18.0"
  resolved "https://registry.yarnpkg.com/@aws-sdk/shared-ini-file-loader/-/shared-ini-file-loader-3.18.0.tgz#9cc4cd96753862a1c0aaefa903353e4bc17dda6a"
  integrity sha512-YpBCZWRvJhnPHbdFLzRvLIfx7Zxre8/5YsWrrNNBWRJ90z/6czzPdOn9jab/AVfLPpC/VSSubf4v4b8Cjeb4eA==
  dependencies:
    tslib "^2.0.0"

"@aws-sdk/signature-v4@3.18.0":
  version "3.18.0"
  resolved "https://registry.yarnpkg.com/@aws-sdk/signature-v4/-/signature-v4-3.18.0.tgz#b816b3d5436a9e1cd008a95db192cf36fa87ebd8"
  integrity sha512-md52+v+aIDfhwtaN+xIJ+7XgSqtRmreGkSCnJziGINRSnUSdycoR/ZJhT5d9TbMpYHdoT0Rm9RXNXImlfKCNGw==
  dependencies:
    "@aws-sdk/is-array-buffer" "3.18.0"
    "@aws-sdk/types" "3.18.0"
    "@aws-sdk/util-hex-encoding" "3.18.0"
    "@aws-sdk/util-uri-escape" "3.18.0"
    tslib "^2.0.0"

"@aws-sdk/smithy-client@3.18.0":
  version "3.18.0"
  resolved "https://registry.yarnpkg.com/@aws-sdk/smithy-client/-/smithy-client-3.18.0.tgz#ed441f76921c0f21558a35839cc1e8af91668647"
  integrity sha512-fIcfzrf2TnhB4W8UyqdPQ9fPAfIfuLQ0dO/Y9qwzsw0Bvj4qYYPcUaNI2raX7WN1G2KHa9wZdiceR0J+uQO7yg==
  dependencies:
    "@aws-sdk/middleware-stack" "3.18.0"
    "@aws-sdk/types" "3.18.0"
    tslib "^2.0.0"

"@aws-sdk/types@3.18.0", "@aws-sdk/types@^3.1.0":
  version "3.18.0"
  resolved "https://registry.yarnpkg.com/@aws-sdk/types/-/types-3.18.0.tgz#2158f054b83ea1319c47306bf08245fb26edeed0"
  integrity sha512-fyk6HXK1wk83n4fDvsG+ewV+yS4uegepeMNrmLr7iBKjzc/bLckTWk7GKFM5ZaF/9jWyk7o2eKW3C3BltgDrfQ==

"@aws-sdk/url-parser@3.18.0":
  version "3.18.0"
  resolved "https://registry.yarnpkg.com/@aws-sdk/url-parser/-/url-parser-3.18.0.tgz#6974e26036f85194240eff475e27f4bcc2621d73"
  integrity sha512-ye3sSF8R6kp1r98MRNk9UDj6P0luQfSZ5N2EZjF8AUG0y4PTVc4L/PlSsH3/sMOjG831al+khNo+cZNO9wZeiQ==
  dependencies:
    "@aws-sdk/querystring-parser" "3.18.0"
    "@aws-sdk/types" "3.18.0"
    tslib "^2.0.0"

"@aws-sdk/util-base64-browser@3.18.0":
  version "3.18.0"
  resolved "https://registry.yarnpkg.com/@aws-sdk/util-base64-browser/-/util-base64-browser-3.18.0.tgz#f625d06c0e9923d39976fbe6474bbed5a287f491"
  integrity sha512-XG7ls/9utSgCGzD0hgnNAQWLWU9Nnc/IqjQCZ6td84Y1/kTBBafSN3RTPeQ3fLzJ063sTDOy/DPEh21IPZCF6A==
  dependencies:
    tslib "^2.0.0"

"@aws-sdk/util-base64-node@3.18.0":
  version "3.18.0"
  resolved "https://registry.yarnpkg.com/@aws-sdk/util-base64-node/-/util-base64-node-3.18.0.tgz#5807aa9c036a4037d68fca0fa353e66ea10c1a9d"
  integrity sha512-NzkHCynFU2wfqU/15IkI5H0ukafu//LSUTFp9w4MzFNYpfbXAjcAK4S53VQe46bvciRRk8pyHc4wixiYsxFbpA==
  dependencies:
    "@aws-sdk/util-buffer-from" "3.18.0"
    tslib "^2.0.0"

"@aws-sdk/util-body-length-browser@3.18.0":
  version "3.18.0"
  resolved "https://registry.yarnpkg.com/@aws-sdk/util-body-length-browser/-/util-body-length-browser-3.18.0.tgz#c67c51219f44540e8b032065302a5e3fc74012f6"
  integrity sha512-+x0yrV9Z/gGGRVoWmx7t+skwG110vngkq5Clu7z+k/DtuZrkrspYKOVzidaH80pGJwJi+0JzxbIhA5JblBAf7Q==
  dependencies:
    tslib "^2.0.0"

"@aws-sdk/util-body-length-node@3.18.0":
  version "3.18.0"
  resolved "https://registry.yarnpkg.com/@aws-sdk/util-body-length-node/-/util-body-length-node-3.18.0.tgz#fcd93fec88161ca3f2392c7cf657fc74a38acbe3"
  integrity sha512-r/m+TP9O1G8k9V51LvDCjkoc53Parn7BjP81cBplDrA6Uc2iezVRcjuXzRU+4X8EBIlUtCNhDYryl5xN8cohKw==
  dependencies:
    tslib "^2.0.0"

"@aws-sdk/util-buffer-from@3.18.0":
  version "3.18.0"
  resolved "https://registry.yarnpkg.com/@aws-sdk/util-buffer-from/-/util-buffer-from-3.18.0.tgz#b2e18e04b7e28f701cc60e2da342d32a60b449d4"
  integrity sha512-4Pp4owEfjNdmqH9cByJnN0GbfM2II3I4FnRN5d9BysJ6mG+rLhc6WYxBgr4sEFtsJGYCgFzLU5MfUMx9OuDdPA==
  dependencies:
    "@aws-sdk/is-array-buffer" "3.18.0"
    tslib "^2.0.0"

"@aws-sdk/util-hex-encoding@3.18.0":
  version "3.18.0"
  resolved "https://registry.yarnpkg.com/@aws-sdk/util-hex-encoding/-/util-hex-encoding-3.18.0.tgz#b20ad7db4394c664e681b3744e216e405b2cdf13"
  integrity sha512-tayCN0+jLJRyM7W059ybwaEojjI4ylP4UyyG+LDc4m62PskmsCWTWOJzudjtx4d765e0I/F1w1ELrE+VhUdOpQ==
  dependencies:
    tslib "^2.0.0"

"@aws-sdk/util-locate-window@^3.0.0":
  version "3.18.0"
  resolved "https://registry.yarnpkg.com/@aws-sdk/util-locate-window/-/util-locate-window-3.18.0.tgz#47bb20b6f9fcff45ec948e125a4e8f892f029d80"
  integrity sha512-Lj2O9KaXCn+gPW23l3ydcSWe4HK0jH6teeSymbaFTwTjKtr4oLfDDKAOFoG5YyppQstEPqsL/RidVey4kOFfcg==
  dependencies:
    tslib "^2.0.0"

"@aws-sdk/util-uri-escape@3.18.0":
  version "3.18.0"
  resolved "https://registry.yarnpkg.com/@aws-sdk/util-uri-escape/-/util-uri-escape-3.18.0.tgz#53efc98623e9fee697f45697bf9406737b68dce1"
  integrity sha512-Ui+uydvhzQALj/Q8sat4cVnCedwB/8iBPoMzcm1hr1r7ttWfmBKKElFZFl6ljCUtKaCE3rTb3JrZ2sKy9wT09A==
  dependencies:
    tslib "^2.0.0"

"@aws-sdk/util-user-agent-browser@3.18.0":
  version "3.18.0"
  resolved "https://registry.yarnpkg.com/@aws-sdk/util-user-agent-browser/-/util-user-agent-browser-3.18.0.tgz#4ffd5bf63361825e4fa0bc4b0599e1d73e624a94"
  integrity sha512-qBfyQJqN3RFyeY6nr03RZQ6uT6t5BIdthqwSPZ99K2gvf75TdhPA3PJsaIZfluNHEPQrgrNd32OED8jnd+GXwA==
  dependencies:
    "@aws-sdk/types" "3.18.0"
    bowser "^2.11.0"
    tslib "^2.0.0"

"@aws-sdk/util-user-agent-node@3.18.0":
  version "3.18.0"
  resolved "https://registry.yarnpkg.com/@aws-sdk/util-user-agent-node/-/util-user-agent-node-3.18.0.tgz#92a21dafc2cf0d1aeaf4ccd06987f0eb50c28e30"
  integrity sha512-gSdWW3X0kLMvooo2vc0yqWClclGUqcBfRq0K2w6XhYaJRT4E07KmQa4nPdBMYD1g79xW+53AbdQNnGq8b/bmhA==
  dependencies:
    "@aws-sdk/node-config-provider" "3.18.0"
    "@aws-sdk/types" "3.18.0"
    tslib "^2.0.0"

"@aws-sdk/util-utf8-browser@3.18.0", "@aws-sdk/util-utf8-browser@^3.0.0":
  version "3.18.0"
  resolved "https://registry.yarnpkg.com/@aws-sdk/util-utf8-browser/-/util-utf8-browser-3.18.0.tgz#d7d68290a323e4f9eb4f1d3f6add618c17e01a36"
  integrity sha512-JwcdTb6AAMtnlt2Sg0I18DBK1sWlsfDR/23CkDQ52niXvCSRdHeNkh5b7SdEPVUKI76hyce9nEshzI1OasTv7w==
  dependencies:
    tslib "^2.0.0"

"@aws-sdk/util-utf8-node@3.18.0":
  version "3.18.0"
  resolved "https://registry.yarnpkg.com/@aws-sdk/util-utf8-node/-/util-utf8-node-3.18.0.tgz#634457d568225e1b2a78c4a474a92ea0cd82e280"
  integrity sha512-yQtKkW5V6ycT6DlJkYgeMjj6HJc+jj50LUUx2ukW6IfRmCeAGWdUu82NgIzlzvlsqH1jvmQ/kaeqZ7ruOtmA6Q==
  dependencies:
    "@aws-sdk/util-buffer-from" "3.18.0"
    tslib "^2.0.0"

bowser@^2.11.0:
  version "2.11.0"
  resolved "https://registry.yarnpkg.com/bowser/-/bowser-2.11.0.tgz#5ca3c35757a7aa5771500c70a73a9f91ef420a8f"
  integrity sha512-AlcaJBi/pqqJBIQ8U9Mcpc9i8Aqxn88Skv5d+xBX006BY5u8N3mGLHa5Lgppa7L/HfwgwLgZ6NYs+Ag6uUmJRA==

colorette@^1.2.2:
  version "1.2.2"
  resolved "https://registry.yarnpkg.com/colorette/-/colorette-1.2.2.tgz#cbcc79d5e99caea2dbf10eb3a26fd8b3e6acfa94"
  integrity sha512-MKGMzyfeuutC/ZJ1cba9NqcNpfeqMUcYmyF1ZFY6/Cn7CNSAKx6a+s48sqLqyAiZuaP2TcqMhoo+dlwFnVxT9w==

entities@2.2.0:
  version "2.2.0"
  resolved "https://registry.yarnpkg.com/entities/-/entities-2.2.0.tgz#098dc90ebb83d8dffa089d55256b351d34c4da55"
  integrity sha512-p92if5Nz619I0w+akJrLZH0MX0Pb5DX39XOwQTtXSdQQOaYH03S1uIQp4mhOZtAXrxq4ViO67YTiLBo2638o9A==

esbuild@^0.12.5:
  version "0.12.8"
  resolved "https://registry.yarnpkg.com/esbuild/-/esbuild-0.12.8.tgz#ac90da77cb3bfbf49ab815200bcef7ffe1a3348f"
  integrity sha512-sx/LwlP/SWTGsd9G4RlOPrXnIihAJ2xwBUmzoqe2nWwbXORMQWtAGNJNYLBJJqa3e9PWvVzxdrtyFZJcr7D87g==

fast-xml-parser@3.19.0:
  version "3.19.0"
  resolved "https://registry.yarnpkg.com/fast-xml-parser/-/fast-xml-parser-3.19.0.tgz#cb637ec3f3999f51406dd8ff0e6fc4d83e520d01"
  integrity sha512-4pXwmBplsCPv8FOY1WRakF970TjNGnGnfbOnLqjlYvMiF1SR3yOHyxMR/YCXpPTOspNF5gwudqktIP4VsWkvBg==

fsevents@~2.3.1:
  version "2.3.2"
  resolved "https://registry.yarnpkg.com/fsevents/-/fsevents-2.3.2.tgz#8a526f78b8fdf4623b709e0b975c52c24c02fd1a"
  integrity sha512-xiqMQR4xAeHTuB9uWm+fFRcIOgKBMiOBP+eXiyT7jsgVCq1bkVygt00oASowB7EdtpOHaaPgKt812P9ab+DDKA==

function-bind@^1.1.1:
  version "1.1.1"
  resolved "https://registry.yarnpkg.com/function-bind/-/function-bind-1.1.1.tgz#a56899d3ea3c9bab874bb9773b7c5ede92f4895d"
  integrity sha512-yIovAzMX49sF8Yl58fSCWJ5svSLuaibPxXQJFLmBObTuCr0Mf1KiPopGM9NiFjiYBCbfaa2Fh6breQ6ANVTI0A==

has@^1.0.3:
  version "1.0.3"
  resolved "https://registry.yarnpkg.com/has/-/has-1.0.3.tgz#722d7cbfc1f6aa8241f16dd814e011e1f41e8796"
  integrity sha512-f2dvO0VU6Oej7RkWJGrehjbzMAjFp5/VKPp5tTpWIV4JHHZK1/BxbFRtf/siA2SWTe09caDmVtYYzWEIbBS4zw==
  dependencies:
    function-bind "^1.1.1"

is-core-module@^2.2.0:
  version "2.4.0"
  resolved "https://registry.yarnpkg.com/is-core-module/-/is-core-module-2.4.0.tgz#8e9fc8e15027b011418026e98f0e6f4d86305cc1"
  integrity sha512-6A2fkfq1rfeQZjxrZJGerpLCTHRNEBiSgnu0+obeJpEPZRUooHgsizvzv0ZjJwOz3iWIHdJtVWJ/tmPr3D21/A==
  dependencies:
    has "^1.0.3"

nanoid@^3.1.23:
  version "3.1.23"
  resolved "https://registry.yarnpkg.com/nanoid/-/nanoid-3.1.23.tgz#f744086ce7c2bc47ee0a8472574d5c78e4183a81"
  integrity sha512-FiB0kzdP0FFVGDKlRLEQ1BgDzU87dy5NnzjeW9YZNt+/c3+q82EQDUwniSAUxp/F0gFNI1ZhKU1FqYsMuqZVnw==

path-parse@^1.0.6:
  version "1.0.7"
  resolved "https://registry.yarnpkg.com/path-parse/-/path-parse-1.0.7.tgz#fbc114b60ca42b30d9daf5858e4bd68bbedb6735"
  integrity sha512-LDJzPVEEEPR+y48z93A0Ed0yXb8pAByGWo/k5YYdYgpY2/2EsOsksJrq7lOHxryrVOn1ejG6oAp8ahvOIQD8sw==

postcss@^8.3.0:
  version "8.3.1"
  resolved "https://registry.yarnpkg.com/postcss/-/postcss-8.3.1.tgz#71f380151c227f83b898294a46481f689f86b70a"
  integrity sha512-9qH0MGjsSm+fjxOi3GnwViL1otfi7qkj+l/WX5gcRGmZNGsIcqc+A5fBkE6PUobEQK4APqYVaES+B3Uti98TCw==
  dependencies:
    colorette "^1.2.2"
    nanoid "^3.1.23"
    source-map-js "^0.6.2"

resolve@^1.19.0:
  version "1.20.0"
  resolved "https://registry.yarnpkg.com/resolve/-/resolve-1.20.0.tgz#629a013fb3f70755d6f0b7935cc1c2c5378b1975"
  integrity sha512-wENBPt4ySzg4ybFQW2TT1zMQucPK95HSh/nq2CFTZVOGut2+pQvSsgtda4d26YrYcr067wjbmzOG8byDPBX63A==
  dependencies:
    is-core-module "^2.2.0"
    path-parse "^1.0.6"

rollup@^2.38.5:
  version "2.51.1"
  resolved "https://registry.yarnpkg.com/rollup/-/rollup-2.51.1.tgz#87bcd4095fe79b14c9bec0edc7ffa44e4827f793"
  integrity sha512-8xfDbAtBleXotb6qKEHWuo/jkn94a9dVqGc7Rwl3sqspCVlnCfbRek7ldhCARSi7h32H0xR4QThm1t9zHN+3uw==
  optionalDependencies:
    fsevents "~2.3.1"

source-map-js@^0.6.2:
  version "0.6.2"
  resolved "https://registry.yarnpkg.com/source-map-js/-/source-map-js-0.6.2.tgz#0bb5de631b41cfbda6cfba8bd05a80efdfd2385e"
  integrity sha512-/3GptzWzu0+0MBQFrDKzw/DvvMTUORvgY6k6jd/VS6iCR4RDTKWH6v6WPwQoUO8667uQEf9Oe38DxAYWY5F/Ug==

tslib@^1.11.1:
  version "1.14.1"
  resolved "https://registry.yarnpkg.com/tslib/-/tslib-1.14.1.tgz#cf2d38bdc34a134bcaf1091c41f6619e2f672d00"
  integrity sha512-Xni35NKzjgMrwevysHTCArtLDpPvye8zV/0E4EyYn43P7/7qvQwPh9BGkHewbMulVntbigmcT7rdX3BNo9wRJg==

tslib@^2.0.0:
  version "2.2.0"
  resolved "https://registry.yarnpkg.com/tslib/-/tslib-2.2.0.tgz#fb2c475977e35e241311ede2693cee1ec6698f5c"
  integrity sha512-gS9GVHRU+RGn5KQM2rllAlR3dU6m7AcpJKdtH8gFvQiC4Otgk98XnmMU+nZenHt/+VhnBPWwgrJsyrdcw6i23w==

uuid@^8.3.2:
  version "8.3.2"
  resolved "https://registry.yarnpkg.com/uuid/-/uuid-8.3.2.tgz#80d5b5ced271bb9af6c445f21a1a04c606cefbe2"
  integrity sha512-+NYs2QeMWy+GWFOEm9xnn6HCDp0l7QBD7ml8zLUmJ+93Q5NF0NocErnwkTkXVFNiX3/fpC6afS8Dhb/gz7R7eg==

vite@^2.3.7:
  version "2.3.7"
  resolved "https://registry.yarnpkg.com/vite/-/vite-2.3.7.tgz#3023892419367465e1af1739578f8663d04243b2"
  integrity sha512-Y0xRz11MPYu/EAvzN94+FsOZHbSvO6FUvHv127CyG7mV6oDoay2bw+g5y9wW3Blf8OY3chaz3nc/DcRe1IQ3Nw==
  dependencies:
    esbuild "^0.12.5"
    postcss "^8.3.0"
    resolve "^1.19.0"
    rollup "^2.38.5"
  optionalDependencies:
    fsevents "~2.3.1"
