name: lock-threads

on:
  # 00:00 hours UTC, i.e. 16:00 hours PST or 17:00 hours PDT
  schedule:
    - cron: '0 0 * * *'

  # allow manual trigger
  workflow_dispatch:

jobs:
  lock:
    runs-on: ubuntu-latest
    permissions:
      pull-requests: write
      issues: write
    steps:
      - uses: dessant/lock-threads@1bf7ec25051fe7c00bdd17e6a7cf3d7bfb7dc771 # v5.0.1
        if: github.repository == 'aws/aws-sdk-js-v3'
        with:
          github-token: ${{ github.token }}
          issue-inactive-days: 14
          pr-inactive-days: 14
          issue-comment: >
            This thread has been automatically locked since there has not been
            any recent activity after it was closed. Please open a 
            [new issue](https://github.com/aws/aws-sdk-js-v3/issues/new/choose)
            for related bugs and link to relevant comments in this thread.
          pr-comment: >
            This thread has been automatically locked since there has not been
            any recent activity after it was closed. Please open a 
            [new issue](https://github.com/aws/aws-sdk-js-v3/issues/new/choose)
            for related bugs and link to relevant comments in this thread.
